interactions:
- request:
    body: '123

      456

      789'
    headers:
      Accept: ['*/*']
      Accept-Encoding: ['gzip, deflate']
      Connection: [keep-alive]
      Content-Length: ['11']
      User-Agent: [python-requests/2.11.1]
    method: PUT
    uri: https://fakestore.azuredatalakestore.net/webhdfs/v1//tmp/test/a?overwrite=true&OP=CREATE&write=true
  response:
    body: {string: ''}
    headers:
      Cache-Control: [no-cache]
      Content-Length: ['0']
      ContentLength: ['0']
      Date: ['Thu, 15 Sep 2016 21:03:15 GMT']
      Expires: ['-1']
      Location: ['https://fakestore.azuredatalakestore.net/webhdfs/v1/tmp/test/a?overwrite=true&OP=CREATE&write=true']
      Pragma: [no-cache]
      Server-Perf: ['[dc26ee0c-a473-4c44-b369-d5b78929166a][ AuthTime::946.399895652248::PostAuthTime::193.299933499691
          ][S-HdfsGetFileStatusV2 :: 00:00:008 ms]%0a[S-HdfsCheckAccess :: 00:00:003
          ms]%0a[S-FsDelete :: 00:00:052 ms]%0a[S-FsOpenStream :: 00:00:055 ms]%0a[S-FsAppendStream
          :: 00:00:129 ms]%0a[BufferingTime :: 00:00:000 ms]%0a[WriteTime :: 00:00:129
          ms]%0a[S-FsAppendStream :: 00:00:034 ms]%0a[S-FsCloseHandle :: 00:00:001
          ms]%0a[CREATE :: 00:00:292 ms]%0a']
      Status: ['0x0']
      Strict-Transport-Security: [max-age=15724800; includeSubDomains]
      X-Content-Type-Options: [nosniff]
      x-ms-request-id: [dc26ee0c-a473-4c44-b369-d5b78929166a]
      x-ms-webhdfs-version: [16.07.18.01]
    status: {code: 201, message: Created}
- request:
    body: null
    headers:
      Accept: ['*/*']
      Accept-Encoding: ['gzip, deflate']
      Connection: [keep-alive]
      User-Agent: [python-requests/2.11.1]
    method: GET
    uri: https://fakestore.azuredatalakestore.net/webhdfs/v1/tmp/test?OP=LISTSTATUS
  response:
    body: {string: '{"FileStatuses":{"FileStatus":[{"length":11,"pathSuffix":"a","type":"FILE","blockSize":268435456,"accessTime":1473973395212,"modificationTime":1473973395325,"replication":1,"permission":"770","owner":"49b2f9ec-818a-49ca-9424-249e1f19f7d7","group":"49b2f9ec-818a-49ca-9424-249e1f19f7d7"}]}}'}
    headers:
      Cache-Control: [no-cache]
      Content-Length: ['289']
      Content-Type: [application/json; charset=utf-8]
      Date: ['Thu, 15 Sep 2016 21:03:15 GMT']
      Expires: ['-1']
      Pragma: [no-cache]
      Server-Perf: ['[22e1c61d-70dc-422c-9bcc-d2fba0498e27][ AuthTime::993.441914866775::PostAuthTime::222.380454468671
          ][S-HdfsListStatus :: 00:00:012 ms]%0a[LISTSTATUS :: 00:00:013 ms]%0a']
      Status: ['0x0']
      Strict-Transport-Security: [max-age=15724800; includeSubDomains]
      X-Content-Type-Options: [nosniff]
      x-ms-request-id: [22e1c61d-70dc-422c-9bcc-d2fba0498e27]
      x-ms-webhdfs-version: [16.07.18.01]
    status: {code: 200, message: OK}
- request:
    body: null
    headers:
      Accept: ['*/*']
      Accept-Encoding: ['gzip, deflate']
      Connection: [keep-alive]
      User-Agent: [python-requests/2.11.1]
    method: GET
    uri: https://fakestore.azuredatalakestore.net/webhdfs/v1//tmp/test/a?OP=OPEN&length=10&read=true&offset=1
  response:
    body: {string: '23

        456

        789'}
    headers:
      Cache-Control: [no-cache]
      Content-Type: [application/octet-stream]
      Date: ['Thu, 15 Sep 2016 21:03:15 GMT']
      Expires: ['-1']
      Pragma: [no-cache]
      Server-Perf: ['[8aab2904-37e1-472d-acbe-2a2526950725][ AuthTime::839.913511146388::PostAuthTime::175.766014807111
          ][S-FsOpenStream :: 00:00:013 ms]%0a[S-FsReadStream :: 00:00:029 ms]%0a[OPEN
          :: 00:00:043 ms]%0a']
      Status: ['0x0']
      Strict-Transport-Security: [max-age=15724800; includeSubDomains]
      Transfer-Encoding: [chunked]
      X-Content-Type-Options: [nosniff]
      x-ms-request-id: [8aab2904-37e1-472d-acbe-2a2526950725]
      x-ms-webhdfs-version: [16.07.18.01]
    status: {code: 200, message: OK}
- request:
    body: null
    headers:
      Accept: ['*/*']
      Accept-Encoding: ['gzip, deflate']
      Connection: [keep-alive]
      User-Agent: [python-requests/2.11.1]
    method: GET
    uri: https://fakestore.azuredatalakestore.net/webhdfs/v1//tmp/test/a?OP=OPEN&length=10&read=true&offset=1
  response:
    body: {string: '23

        456

        789'}
    headers:
      Cache-Control: [no-cache]
      Content-Type: [application/octet-stream]
      Date: ['Thu, 15 Sep 2016 21:03:15 GMT']
      Expires: ['-1']
      Pragma: [no-cache]
      Server-Perf: ['[953848f9-5fdc-44c4-aa08-ba5a9963eba1][ AuthTime::934.853218208683::PostAuthTime::204.418956223125
          ][S-FsOpenStream :: 00:00:013 ms]%0a[S-FsReadStream :: 00:00:013 ms]%0a[OPEN
          :: 00:00:027 ms]%0a']
      Status: ['0x0']
      Strict-Transport-Security: [max-age=15724800; includeSubDomains]
      Transfer-Encoding: [chunked]
      X-Content-Type-Options: [nosniff]
      x-ms-request-id: [953848f9-5fdc-44c4-aa08-ba5a9963eba1]
      x-ms-webhdfs-version: [16.07.18.01]
    status: {code: 200, message: OK}
- request:
    body: null
    headers:
      Accept: ['*/*']
      Accept-Encoding: ['gzip, deflate']
      Connection: [keep-alive]
      User-Agent: [python-requests/2.11.1]
    method: GET
    uri: https://fakestore.azuredatalakestore.net/webhdfs/v1//tmp/test/a?OP=OPEN&length=1&read=true&offset=0
  response:
    body: {string: '1'}
    headers:
      Cache-Control: [no-cache]
      Content-Type: [application/octet-stream]
      Date: ['Thu, 15 Sep 2016 21:03:16 GMT']
      Expires: ['-1']
      Pragma: [no-cache]
      Server-Perf: ['[c59bfb59-736c-4d6a-9d76-fd4e621fcd32][ AuthTime::904.061305107006::PostAuthTime::198.431620420838
          ][S-FsOpenStream :: 00:00:013 ms]%0a[S-FsReadStream :: 00:00:013 ms]%0a[OPEN
          :: 00:00:027 ms]%0a']
      Status: ['0x0']
      Strict-Transport-Security: [max-age=15724800; includeSubDomains]
      Transfer-Encoding: [chunked]
      X-Content-Type-Options: [nosniff]
      x-ms-request-id: [c59bfb59-736c-4d6a-9d76-fd4e621fcd32]
      x-ms-webhdfs-version: [16.07.18.01]
    status: {code: 200, message: OK}
- request:
    body: null
    headers:
      Accept: ['*/*']
      Accept-Encoding: ['gzip, deflate']
      Connection: [keep-alive]
      User-Agent: [python-requests/2.11.1]
    method: GET
    uri: https://fakestore.azuredatalakestore.net/webhdfs/v1//tmp/test/a?OP=OPEN&length=9&read=true&offset=2
  response:
    body: {string: '3

        456

        789'}
    headers:
      Cache-Control: [no-cache]
      Content-Type: [application/octet-stream]
      Date: ['Thu, 15 Sep 2016 21:03:16 GMT']
      Expires: ['-1']
      Pragma: [no-cache]
      Server-Perf: ['[c9290c75-05b4-4cb4-bf76-afc702958cee][ AuthTime::0::PostAuthTime::0
          ][S-FsOpenStream :: 00:00:012 ms]%0a[S-FsReadStream :: 00:00:018 ms]%0a[OPEN
          :: 00:00:032 ms]%0a']
      Status: ['0x0']
      Strict-Transport-Security: [max-age=15724800; includeSubDomains]
      Transfer-Encoding: [chunked]
      X-Content-Type-Options: [nosniff]
      x-ms-request-id: [c9290c75-05b4-4cb4-bf76-afc702958cee]
      x-ms-webhdfs-version: [16.07.18.01]
    status: {code: 200, message: OK}
- request:
    body: null
    headers:
      Accept: ['*/*']
      Accept-Encoding: ['gzip, deflate']
      Connection: [keep-alive]
      User-Agent: [python-requests/2.11.1]
    method: GET
    uri: https://fakestore.azuredatalakestore.net/webhdfs/v1//tmp/test/a?OP=OPEN&length=2&read=true&offset=0
  response:
    body: {string: '12'}
    headers:
      Cache-Control: [no-cache]
      Content-Type: [application/octet-stream]
      Date: ['Thu, 15 Sep 2016 21:03:17 GMT']
      Expires: ['-1']
      Pragma: [no-cache]
      Server-Perf: ['[36e70c83-c293-4c64-ae27-3b1d7e3a44cc][ AuthTime::0::PostAuthTime::0
          ][S-FsOpenStream :: 00:00:014 ms]%0a[S-FsReadStream :: 00:00:034 ms]%0a[OPEN
          :: 00:00:049 ms]%0a']
      Status: ['0x0']
      Strict-Transport-Security: [max-age=15724800; includeSubDomains]
      Transfer-Encoding: [chunked]
      X-Content-Type-Options: [nosniff]
      x-ms-request-id: [36e70c83-c293-4c64-ae27-3b1d7e3a44cc]
      x-ms-webhdfs-version: [16.07.18.01]
    status: {code: 200, message: OK}
- request:
    body: null
    headers:
      Accept: ['*/*']
      Accept-Encoding: ['gzip, deflate']
      Connection: [keep-alive]
      User-Agent: [python-requests/2.11.1]
    method: GET
    uri: https://fakestore.azuredatalakestore.net/webhdfs/v1//tmp/test/a?OP=OPEN&length=8&read=true&offset=3
  response:
    body: {string: '

        456

        789'}
    headers:
      Cache-Control: [no-cache]
      Content-Type: [application/octet-stream]
      Date: ['Thu, 15 Sep 2016 21:03:19 GMT']
      Expires: ['-1']
      Pragma: [no-cache]
      Server-Perf: ['[b0e6b716-8187-4f78-9137-0aaf85f707c5][ AuthTime::978.045508410464::PostAuthTime::201.425200901324
          ][S-FsOpenStream :: 00:00:013 ms]%0a[S-FsReadStream :: 00:00:013 ms]%0a[OPEN
          :: 00:00:027 ms]%0a']
      Status: ['0x0']
      Strict-Transport-Security: [max-age=15724800; includeSubDomains]
      Transfer-Encoding: [chunked]
      X-Content-Type-Options: [nosniff]
      x-ms-request-id: [b0e6b716-8187-4f78-9137-0aaf85f707c5]
      x-ms-webhdfs-version: [16.07.18.01]
    status: {code: 200, message: OK}
- request:
    body: null
    headers:
      Accept: ['*/*']
      Accept-Encoding: ['gzip, deflate']
      Connection: [keep-alive]
      User-Agent: [python-requests/2.11.1]
    method: GET
    uri: https://fakestore.azuredatalakestore.net/webhdfs/v1//tmp/test/a?OP=OPEN&length=3&read=true&offset=0
  response:
    body: {string: '123'}
    headers:
      Cache-Control: [no-cache]
      Content-Type: [application/octet-stream]
      Date: ['Thu, 15 Sep 2016 21:03:19 GMT']
      Expires: ['-1']
      Pragma: [no-cache]
      Server-Perf: ['[3d33a620-0c03-47d6-ac13-9d625d7648cf][ AuthTime::0::PostAuthTime::0
          ][S-FsOpenStream :: 00:00:012 ms]%0a[S-FsReadStream :: 00:00:017 ms]%0a[OPEN
          :: 00:00:029 ms]%0a']
      Status: ['0x0']
      Strict-Transport-Security: [max-age=15724800; includeSubDomains]
      Transfer-Encoding: [chunked]
      X-Content-Type-Options: [nosniff]
      x-ms-request-id: [3d33a620-0c03-47d6-ac13-9d625d7648cf]
      x-ms-webhdfs-version: [16.07.18.01]
    status: {code: 200, message: OK}
- request:
    body: null
    headers:
      Accept: ['*/*']
      Accept-Encoding: ['gzip, deflate']
      Connection: [keep-alive]
      User-Agent: [python-requests/2.11.1]
    method: GET
    uri: https://fakestore.azuredatalakestore.net/webhdfs/v1//tmp/test/a?OP=OPEN&length=6&read=true&offset=5
  response:
    body: {string: '56

        789'}
    headers:
      Cache-Control: [no-cache]
      Content-Type: [application/octet-stream]
      Date: ['Thu, 15 Sep 2016 21:03:20 GMT']
      Expires: ['-1']
      Pragma: [no-cache]
      Server-Perf: ['[3f1190dc-4baa-4ac8-9e54-be2c03399835][ AuthTime::0::PostAuthTime::0
          ][S-FsOpenStream :: 00:00:014 ms]%0a[S-FsReadStream :: 00:00:013 ms]%0a[OPEN
          :: 00:00:028 ms]%0a']
      Status: ['0x0']
      Strict-Transport-Security: [max-age=15724800; includeSubDomains]
      Transfer-Encoding: [chunked]
      X-Content-Type-Options: [nosniff]
      x-ms-request-id: [3f1190dc-4baa-4ac8-9e54-be2c03399835]
      x-ms-webhdfs-version: [16.07.18.01]
    status: {code: 200, message: OK}
- request:
    body: null
    headers:
      Accept: ['*/*']
      Accept-Encoding: ['gzip, deflate']
      Connection: [keep-alive]
      User-Agent: [python-requests/2.11.1]
    method: GET
    uri: https://fakestore.azuredatalakestore.net/webhdfs/v1//tmp/test/a?OP=OPEN&length=5&read=true&offset=0
  response:
    body: {string: '123

        4'}
    headers:
      Cache-Control: [no-cache]
      Content-Type: [application/octet-stream]
      Date: ['Thu, 15 Sep 2016 21:03:21 GMT']
      Expires: ['-1']
      Pragma: [no-cache]
      Server-Perf: ['[d2986079-b991-4305-a926-058b933b2c74][ AuthTime::0::PostAuthTime::0
          ][S-FsOpenStream :: 00:00:012 ms]%0a[S-FsReadStream :: 00:00:014 ms]%0a[OPEN
          :: 00:00:027 ms]%0a']
      Status: ['0x0']
      Strict-Transport-Security: [max-age=15724800; includeSubDomains]
      Transfer-Encoding: [chunked]
      X-Content-Type-Options: [nosniff]
      x-ms-request-id: [d2986079-b991-4305-a926-058b933b2c74]
      x-ms-webhdfs-version: [16.07.18.01]
    status: {code: 200, message: OK}
- request:
    body: null
    headers:
      Accept: ['*/*']
      Accept-Encoding: ['gzip, deflate']
      Connection: [keep-alive]
      User-Agent: [python-requests/2.11.1]
    method: GET
    uri: https://fakestore.azuredatalakestore.net/webhdfs/v1//tmp/test/a?OP=OPEN&length=3&read=true&offset=8
  response:
    body: {string: '789'}
    headers:
      Cache-Control: [no-cache]
      Content-Type: [application/octet-stream]
      Date: ['Thu, 15 Sep 2016 21:03:20 GMT']
      Expires: ['-1']
      Pragma: [no-cache]
      Server-Perf: ['[9cb3b89e-fbad-4f1f-9523-4e846fd68e5d][ AuthTime::0::PostAuthTime::0
          ][S-FsOpenStream :: 00:00:019 ms]%0a[S-FsReadStream :: 00:00:013 ms]%0a[OPEN
          :: 00:00:033 ms]%0a']
      Status: ['0x0']
      Strict-Transport-Security: [max-age=15724800; includeSubDomains]
      Transfer-Encoding: [chunked]
      X-Content-Type-Options: [nosniff]
      x-ms-request-id: [9cb3b89e-fbad-4f1f-9523-4e846fd68e5d]
      x-ms-webhdfs-version: [16.07.18.01]
    status: {code: 200, message: OK}
- request:
    body: null
    headers:
      Accept: ['*/*']
      Accept-Encoding: ['gzip, deflate']
      Connection: [keep-alive]
      User-Agent: [python-requests/2.11.1]
    method: GET
    uri: https://fakestore.azuredatalakestore.net/webhdfs/v1//tmp/test/a?OP=OPEN&length=8&read=true&offset=0
  response:
    body: {string: '123

        456

'}
    headers:
      Cache-Control: [no-cache]
      Content-Type: [application/octet-stream]
      Date: ['Thu, 15 Sep 2016 21:03:21 GMT']
      Expires: ['-1']
      Pragma: [no-cache]
      Server-Perf: ['[0baf8797-8ee7-4f39-b64a-3064bc53c059][ AuthTime::948.108892679804::PostAuthTime::215.109956255274
          ][S-FsOpenStream :: 00:00:013 ms]%0a[S-FsReadStream :: 00:00:017 ms]%0a[OPEN
          :: 00:00:031 ms]%0a']
      Status: ['0x0']
      Strict-Transport-Security: [max-age=15724800; includeSubDomains]
      Transfer-Encoding: [chunked]
      X-Content-Type-Options: [nosniff]
      x-ms-request-id: [0baf8797-8ee7-4f39-b64a-3064bc53c059]
      x-ms-webhdfs-version: [16.07.18.01]
    status: {code: 200, message: OK}
- request:
    body: null
    headers:
      Accept: ['*/*']
      Accept-Encoding: ['gzip, deflate']
      Connection: [keep-alive]
      User-Agent: [python-requests/2.11.1]
    method: GET
    uri: https://fakestore.azuredatalakestore.net/webhdfs/v1//tmp/test/a?OP=OPEN&length=11&read=true&offset=0
  response:
    body: {string: '123

        456

        789'}
    headers:
      Cache-Control: [no-cache]
      Content-Type: [application/octet-stream]
      Date: ['Thu, 15 Sep 2016 21:03:21 GMT']
      Expires: ['-1']
      Pragma: [no-cache]
      Server-Perf: ['[f61001bf-d35a-43bf-9ddd-aa9b76039365][ AuthTime::0::PostAuthTime::0
          ][S-FsOpenStream :: 00:00:014 ms]%0a[S-FsReadStream :: 00:00:012 ms]%0a[OPEN
          :: 00:00:027 ms]%0a']
      Status: ['0x0']
      Strict-Transport-Security: [max-age=15724800; includeSubDomains]
      Transfer-Encoding: [chunked]
      X-Content-Type-Options: [nosniff]
      x-ms-request-id: [f61001bf-d35a-43bf-9ddd-aa9b76039365]
      x-ms-webhdfs-version: [16.07.18.01]
    status: {code: 200, message: OK}
- request:
    body: null
    headers:
      Accept: ['*/*']
      Accept-Encoding: ['gzip, deflate']
      Connection: [keep-alive]
      User-Agent: [python-requests/2.11.1]
    method: GET
    uri: https://fakestore.azuredatalakestore.net/webhdfs/v1//tmp/test/a?OP=OPEN&length=10&read=true&offset=1
  response:
    body: {string: '23

        456

        789'}
    headers:
      Cache-Control: [no-cache]
      Content-Type: [application/octet-stream]
      Date: ['Thu, 15 Sep 2016 21:03:22 GMT']
      Expires: ['-1']
      Pragma: [no-cache]
      Server-Perf: ['[09a54183-a23c-4fc6-bd3d-0f71b5f50d6c][ AuthTime::972.914072229141::PostAuthTime::209.12306871211
          ][S-FsOpenStream :: 00:00:013 ms]%0a[S-FsReadStream :: 00:00:014 ms]%0a[OPEN
          :: 00:00:028 ms]%0a']
      Status: ['0x0']
      Strict-Transport-Security: [max-age=15724800; includeSubDomains]
      Transfer-Encoding: [chunked]
      X-Content-Type-Options: [nosniff]
      x-ms-request-id: [09a54183-a23c-4fc6-bd3d-0f71b5f50d6c]
      x-ms-webhdfs-version: [16.07.18.01]
    status: {code: 200, message: OK}
- request:
    body: null
    headers:
      Accept: ['*/*']
      Accept-Encoding: ['gzip, deflate']
      Connection: [keep-alive]
      User-Agent: [python-requests/2.11.1]
    method: GET
    uri: https://fakestore.azuredatalakestore.net/webhdfs/v1//tmp/test/a?OP=OPEN&length=10&read=true&offset=1
  response:
    body: {string: '23

        456

        789'}
    headers:
      Cache-Control: [no-cache]
      Content-Type: [application/octet-stream]
      Date: ['Thu, 15 Sep 2016 21:03:21 GMT']
      Expires: ['-1']
      Pragma: [no-cache]
      Server-Perf: ['[bb7592ef-ed39-4251-bf83-d3a19ac45ced][ AuthTime::0::PostAuthTime::0
          ][S-FsOpenStream :: 00:00:012 ms]%0a[S-FsReadStream :: 00:00:017 ms]%0a[OPEN
          :: 00:00:054 ms]%0a']
      Status: ['0x0']
      Strict-Transport-Security: [max-age=15724800; includeSubDomains]
      Transfer-Encoding: [chunked]
      X-Content-Type-Options: [nosniff]
      x-ms-request-id: [bb7592ef-ed39-4251-bf83-d3a19ac45ced]
      x-ms-webhdfs-version: [16.07.18.01]
    status: {code: 200, message: OK}
- request:
    body: null
    headers:
      Accept: ['*/*']
      Accept-Encoding: ['gzip, deflate']
      Connection: [keep-alive]
      User-Agent: [python-requests/2.11.1]
    method: GET
    uri: https://fakestore.azuredatalakestore.net/webhdfs/v1//tmp/test/a?OP=OPEN&length=10&read=true&offset=1
  response:
    body: {string: '23

        456

        789'}
    headers:
      Cache-Control: [no-cache]
      Content-Type: [application/octet-stream]
      Date: ['Thu, 15 Sep 2016 21:03:22 GMT']
      Expires: ['-1']
      Pragma: [no-cache]
      Server-Perf: ['[ade72274-a352-4024-afc9-881c59e21f29][ AuthTime::0::PostAuthTime::0
          ][S-FsOpenStream :: 00:00:012 ms]%0a[S-FsReadStream :: 00:00:013 ms]%0a[OPEN
          :: 00:00:026 ms]%0a']
      Status: ['0x0']
      Strict-Transport-Security: [max-age=15724800; includeSubDomains]
      Transfer-Encoding: [chunked]
      X-Content-Type-Options: [nosniff]
      x-ms-request-id: [ade72274-a352-4024-afc9-881c59e21f29]
      x-ms-webhdfs-version: [16.07.18.01]
    status: {code: 200, message: OK}
- request:
    body: null
    headers:
      Accept: ['*/*']
      Accept-Encoding: ['gzip, deflate']
      Connection: [keep-alive]
      User-Agent: [python-requests/2.11.1]
    method: GET
    uri: https://fakestore.azuredatalakestore.net/webhdfs/v1//tmp/test/a?OP=OPEN&length=8&read=true&offset=3
  response:
    body: {string: '

        456

        789'}
    headers:
      Cache-Control: [no-cache]
      Content-Type: [application/octet-stream]
      Date: ['Thu, 15 Sep 2016 21:03:22 GMT']
      Expires: ['-1']
      Pragma: [no-cache]
      Server-Perf: ['[b005ea27-15e5-433a-ae07-9b7a333fdf49][ AuthTime::949.819102440193::PostAuthTime::311.331970543206
          ][S-FsOpenStream :: 00:00:014 ms]%0a[S-FsReadStream :: 00:00:013 ms]%0a[OPEN
          :: 00:00:028 ms]%0a']
      Status: ['0x0']
      Strict-Transport-Security: [max-age=15724800; includeSubDomains]
      Transfer-Encoding: [chunked]
      X-Content-Type-Options: [nosniff]
      x-ms-request-id: [b005ea27-15e5-433a-ae07-9b7a333fdf49]
      x-ms-webhdfs-version: [16.07.18.01]
    status: {code: 200, message: OK}
- request:
    body: null
    headers:
      Accept: ['*/*']
      Accept-Encoding: ['gzip, deflate']
      Connection: [keep-alive]
      User-Agent: [python-requests/2.11.1]
    method: GET
    uri: https://fakestore.azuredatalakestore.net/webhdfs/v1//tmp/test/a?OP=OPEN&length=3&read=true&offset=0
  response:
    body: {string: '123'}
    headers:
      Cache-Control: [no-cache]
      Content-Type: [application/octet-stream]
      Date: ['Thu, 15 Sep 2016 21:03:22 GMT']
      Expires: ['-1']
      Pragma: [no-cache]
      Server-Perf: ['[40a0fa63-0c57-4f43-b4bb-29c53a4ddffa][ AuthTime::0::PostAuthTime::0
          ][S-FsOpenStream :: 00:00:014 ms]%0a[S-FsReadStream :: 00:00:012 ms]%0a[OPEN
          :: 00:00:027 ms]%0a']
      Status: ['0x0']
      Strict-Transport-Security: [max-age=15724800; includeSubDomains]
      Transfer-Encoding: [chunked]
      X-Content-Type-Options: [nosniff]
      x-ms-request-id: [40a0fa63-0c57-4f43-b4bb-29c53a4ddffa]
      x-ms-webhdfs-version: [16.07.18.01]
    status: {code: 200, message: OK}
- request:
    body: null
    headers:
      Accept: ['*/*']
      Accept-Encoding: ['gzip, deflate']
      Connection: [keep-alive]
      User-Agent: [python-requests/2.11.1]
    method: GET
    uri: https://fakestore.azuredatalakestore.net/webhdfs/v1//tmp/test/a?OP=OPEN&length=8&read=true&offset=3
  response:
    body: {string: '

        456

        789'}
    headers:
      Cache-Control: [no-cache]
      Content-Type: [application/octet-stream]
      Date: ['Thu, 15 Sep 2016 21:03:23 GMT']
      Expires: ['-1']
      Pragma: [no-cache]
      Server-Perf: ['[d2375174-b0af-4696-b0eb-1a60ec97b0ce][ AuthTime::0::PostAuthTime::0
          ][S-FsOpenStream :: 00:00:012 ms]%0a[S-FsReadStream :: 00:00:014 ms]%0a[OPEN
          :: 00:00:027 ms]%0a']
      Status: ['0x0']
      Strict-Transport-Security: [max-age=15724800; includeSubDomains]
      Transfer-Encoding: [chunked]
      X-Content-Type-Options: [nosniff]
      x-ms-request-id: [d2375174-b0af-4696-b0eb-1a60ec97b0ce]
      x-ms-webhdfs-version: [16.07.18.01]
    status: {code: 200, message: OK}
- request:
    body: null
    headers:
      Accept: ['*/*']
      Accept-Encoding: ['gzip, deflate']
      Connection: [keep-alive]
      User-Agent: [python-requests/2.11.1]
    method: GET
    uri: https://fakestore.azuredatalakestore.net/webhdfs/v1//tmp/test/a?OP=OPEN&length=5&read=true&offset=6
  response:
    body: {string: '6

        789'}
    headers:
      Cache-Control: [no-cache]
      Content-Type: [application/octet-stream]
      Date: ['Thu, 15 Sep 2016 21:03:23 GMT']
      Expires: ['-1']
      Pragma: [no-cache]
      Server-Perf: ['[eefd0a14-e81a-4605-a26c-b459a141d3fe][ AuthTime::0::PostAuthTime::0
          ][S-FsOpenStream :: 00:00:014 ms]%0a[S-FsReadStream :: 00:00:013 ms]%0a[OPEN
          :: 00:00:028 ms]%0a']
      Status: ['0x0']
      Strict-Transport-Security: [max-age=15724800; includeSubDomains]
      Transfer-Encoding: [chunked]
      X-Content-Type-Options: [nosniff]
      x-ms-request-id: [eefd0a14-e81a-4605-a26c-b459a141d3fe]
      x-ms-webhdfs-version: [16.07.18.01]
    status: {code: 200, message: OK}
- request:
    body: null
    headers:
      Accept: ['*/*']
      Accept-Encoding: ['gzip, deflate']
      Connection: [keep-alive]
      User-Agent: [python-requests/2.11.1]
    method: GET
    uri: https://fakestore.azuredatalakestore.net/webhdfs/v1//tmp/test/a?OP=OPEN&length=2&read=true&offset=9
  response:
    body: {string: '89'}
    headers:
      Cache-Control: [no-cache]
      Content-Type: [application/octet-stream]
      Date: ['Thu, 15 Sep 2016 21:03:24 GMT']
      Expires: ['-1']
      Pragma: [no-cache]
      Server-Perf: ['[66a5b238-81b8-40f6-8765-3e9d26c775f8][ AuthTime::0::PostAuthTime::0
          ][S-FsOpenStream :: 00:00:013 ms]%0a[S-FsReadStream :: 00:00:014 ms]%0a[OPEN
          :: 00:00:028 ms]%0a']
      Status: ['0x0']
      Strict-Transport-Security: [max-age=15724800; includeSubDomains]
      Transfer-Encoding: [chunked]
      X-Content-Type-Options: [nosniff]
      x-ms-request-id: [66a5b238-81b8-40f6-8765-3e9d26c775f8]
      x-ms-webhdfs-version: [16.07.18.01]
    status: {code: 200, message: OK}
- request:
    body: null
    headers:
      Accept: ['*/*']
      Accept-Encoding: ['gzip, deflate']
      Connection: [keep-alive]
      User-Agent: [python-requests/2.11.1]
    method: GET
    uri: https://fakestore.azuredatalakestore.net/webhdfs/v1//tmp/test/a?OP=OPEN&length=7&read=true&offset=4
  response:
    body: {string: '456

        789'}
    headers:
      Cache-Control: [no-cache]
      Content-Type: [application/octet-stream]
      Date: ['Thu, 15 Sep 2016 21:03:24 GMT']
      Expires: ['-1']
      Pragma: [no-cache]
      Server-Perf: ['[72a8bf00-4b85-4cb7-8670-0cfdb4381672][ AuthTime::0::PostAuthTime::0
          ][S-FsOpenStream :: 00:00:013 ms]%0a[S-FsReadStream :: 00:00:028 ms]%0a[OPEN
          :: 00:00:042 ms]%0a']
      Status: ['0x0']
      Strict-Transport-Security: [max-age=15724800; includeSubDomains]
      Transfer-Encoding: [chunked]
      X-Content-Type-Options: [nosniff]
      x-ms-request-id: [72a8bf00-4b85-4cb7-8670-0cfdb4381672]
      x-ms-webhdfs-version: [16.07.18.01]
    status: {code: 200, message: OK}
- request:
    body: null
    headers:
      Accept: ['*/*']
      Accept-Encoding: ['gzip, deflate']
      Connection: [keep-alive]
      User-Agent: [python-requests/2.11.1]
    method: GET
    uri: https://fakestore.azuredatalakestore.net/webhdfs/v1//tmp/test/a?OP=OPEN&length=4&read=true&offset=0
  response:
    body: {string: '123

'}
    headers:
      Cache-Control: [no-cache]
      Content-Type: [application/octet-stream]
      Date: ['Thu, 15 Sep 2016 21:03:24 GMT']
      Expires: ['-1']
      Pragma: [no-cache]
      Server-Perf: ['[c4d9d556-ebd6-4e60-a3ee-fb41f1567167][ AuthTime::917.319374683268::PostAuthTime::211.261431745238
          ][S-FsOpenStream :: 00:00:016 ms]%0a[S-FsReadStream :: 00:00:058 ms]%0a[OPEN
          :: 00:00:075 ms]%0a']
      Status: ['0x0']
      Strict-Transport-Security: [max-age=15724800; includeSubDomains]
      Transfer-Encoding: [chunked]
      X-Content-Type-Options: [nosniff]
      x-ms-request-id: [c4d9d556-ebd6-4e60-a3ee-fb41f1567167]
      x-ms-webhdfs-version: [16.07.18.01]
    status: {code: 200, message: OK}
- request:
    body: null
    headers:
      Accept: ['*/*']
      Accept-Encoding: ['gzip, deflate']
      Connection: [keep-alive]
      User-Agent: [python-requests/2.11.1]
    method: GET
    uri: https://fakestore.azuredatalakestore.net/webhdfs/v1//tmp/test/a?OP=OPEN&length=7&read=true&offset=4
  response:
    body: {string: '456

        789'}
    headers:
      Cache-Control: [no-cache]
      Content-Type: [application/octet-stream]
      Date: ['Thu, 15 Sep 2016 21:03:24 GMT']
      Expires: ['-1']
      Pragma: [no-cache]
      Server-Perf: ['[7b37cef1-01a4-4b80-a500-809e2bb37ded][ AuthTime::0::PostAuthTime::0
          ][S-FsOpenStream :: 00:00:013 ms]%0a[S-FsReadStream :: 00:00:012 ms]%0a[OPEN
          :: 00:00:026 ms]%0a']
      Status: ['0x0']
      Strict-Transport-Security: [max-age=15724800; includeSubDomains]
      Transfer-Encoding: [chunked]
      X-Content-Type-Options: [nosniff]
      x-ms-request-id: [7b37cef1-01a4-4b80-a500-809e2bb37ded]
      x-ms-webhdfs-version: [16.07.18.01]
    status: {code: 200, message: OK}
- request:
    body: null
    headers:
      Accept: ['*/*']
      Accept-Encoding: ['gzip, deflate']
      Connection: [keep-alive]
      User-Agent: [python-requests/2.11.1]
    method: GET
    uri: https://fakestore.azuredatalakestore.net/webhdfs/v1//tmp/test/a?OP=OPEN&length=3&read=true&offset=8
  response:
    body: {string: '789'}
    headers:
      Cache-Control: [no-cache]
      Content-Type: [application/octet-stream]
      Date: ['Thu, 15 Sep 2016 21:03:25 GMT']
      Expires: ['-1']
      Pragma: [no-cache]
      Server-Perf: ['[64bc3e9c-fe76-46c3-8740-e8859d77889f][ AuthTime::0::PostAuthTime::0
          ][S-FsOpenStream :: 00:00:013 ms]%0a[S-FsReadStream :: 00:00:014 ms]%0a[OPEN
          :: 00:00:029 ms]%0a']
      Status: ['0x0']
      Strict-Transport-Security: [max-age=15724800; includeSubDomains]
      Transfer-Encoding: [chunked]
      X-Content-Type-Options: [nosniff]
      x-ms-request-id: [64bc3e9c-fe76-46c3-8740-e8859d77889f]
      x-ms-webhdfs-version: [16.07.18.01]
    status: {code: 200, message: OK}
- request:
    body: null
    headers:
      Accept: ['*/*']
      Accept-Encoding: ['gzip, deflate']
      Connection: [keep-alive]
      User-Agent: [python-requests/2.11.1]
    method: GET
    uri: https://fakestore.azuredatalakestore.net/webhdfs/v1/azure_test_dir?OP=LISTSTATUS
  response:
    body: {string: '{"FileStatuses":{"FileStatus":[]}}'}
    headers:
      Cache-Control: [no-cache]
      Content-Length: ['34']
      Content-Type: [application/json; charset=utf-8]
      Date: ['Thu, 15 Sep 2016 21:03:24 GMT']
      Expires: ['-1']
      Pragma: [no-cache]
      Server-Perf: ['[1c0d1457-2d6f-43d6-971b-7b3474d12710][ AuthTime::0::PostAuthTime::0
          ][S-HdfsListStatus :: 00:00:006 ms]%0a[LISTSTATUS :: 00:00:007 ms]%0a']
      Status: ['0x0']
      Strict-Transport-Security: [max-age=15724800; includeSubDomains]
      X-Content-Type-Options: [nosniff]
      x-ms-request-id: [1c0d1457-2d6f-43d6-971b-7b3474d12710]
      x-ms-webhdfs-version: [16.07.18.01]
    status: {code: 200, message: OK}
- request:
    body: null
    headers:
      Accept: ['*/*']
      Accept-Encoding: ['gzip, deflate']
      Connection: [keep-alive]
      User-Agent: [python-requests/2.11.1]
    method: GET
    uri: https://fakestore.azuredatalakestore.net/webhdfs/v1/.?OP=LISTSTATUS
  response:
    body: {string: '{"FileStatuses":{"FileStatus":[{"length":570438720,"pathSuffix":"CGPS-CO.fits","type":"FILE","blockSize":268435456,"accessTime":1473692371890,"modificationTime":1473692372109,"replication":1,"permission":"770","owner":"49b2f9ec-818a-49ca-9424-249e1f19f7d7","group":"49b2f9ec-818a-49ca-9424-249e1f19f7d7"},{"length":0,"pathSuffix":"a","type":"DIRECTORY","blockSize":0,"accessTime":1471639845701,"modificationTime":1471639848993,"replication":0,"permission":"770","owner":"49b2f9ec-818a-49ca-9424-249e1f19f7d7","group":"49b2f9ec-818a-49ca-9424-249e1f19f7d7"},{"length":0,"pathSuffix":"azure_test_dir","type":"DIRECTORY","blockSize":0,"accessTime":1471873455266,"modificationTime":1473973394192,"replication":0,"permission":"770","owner":"49b2f9ec-818a-49ca-9424-249e1f19f7d7","group":"49b2f9ec-818a-49ca-9424-249e1f19f7d7"},{"length":0,"pathSuffix":"azure_testdir","type":"DIRECTORY","blockSize":0,"accessTime":1470153480383,"modificationTime":1470156248128,"replication":0,"permission":"770","owner":"49b2f9ec-818a-49ca-9424-249e1f19f7d7","group":"49b2f9ec-818a-49ca-9424-249e1f19f7d7"},{"length":0,"pathSuffix":"begoldsm","type":"DIRECTORY","blockSize":0,"accessTime":1472597222084,"modificationTime":1472761508818,"replication":0,"permission":"770","owner":"49b2f9ec-818a-49ca-9424-249e1f19f7d7","group":"49b2f9ec-818a-49ca-9424-249e1f19f7d7"},{"length":0,"pathSuffix":"bigfile","type":"FILE","blockSize":268435456,"accessTime":1472760715031,"modificationTime":1472760715031,"replication":1,"permission":"770","owner":"49b2f9ec-818a-49ca-9424-249e1f19f7d7","group":"49b2f9ec-818a-49ca-9424-249e1f19f7d7"},{"length":81840585,"pathSuffix":"gdelt20150827.csv","type":"FILE","blockSize":268435456,"accessTime":1469485983963,"modificationTime":1469485984240,"replication":1,"permission":"770","owner":"49b2f9ec-818a-49ca-9424-249e1f19f7d7","group":"49b2f9ec-818a-49ca-9424-249e1f19f7d7"},{"length":0,"pathSuffix":"joe","type":"DIRECTORY","blockSize":0,"accessTime":1472852370428,"modificationTime":1472852370428,"replication":0,"permission":"770","owner":"49b2f9ec-818a-49ca-9424-249e1f19f7d7","group":"49b2f9ec-818a-49ca-9424-249e1f19f7d7"},{"length":0,"pathSuffix":"joseph","type":"DIRECTORY","blockSize":0,"accessTime":1472608724061,"modificationTime":1473892646641,"replication":0,"permission":"770","owner":"49b2f9ec-818a-49ca-9424-249e1f19f7d7","group":"49b2f9ec-818a-49ca-9424-249e1f19f7d7"},{"length":6,"pathSuffix":"littlefile","type":"FILE","blockSize":268435456,"accessTime":1473883660395,"modificationTime":1473883660506,"replication":1,"permission":"770","owner":"49b2f9ec-818a-49ca-9424-249e1f19f7d7","group":"49b2f9ec-818a-49ca-9424-249e1f19f7d7"},{"length":0,"pathSuffix":"random2.csv","type":"FILE","blockSize":268435456,"accessTime":1473740396705,"modificationTime":1473740396705,"replication":1,"permission":"770","owner":"49b2f9ec-818a-49ca-9424-249e1f19f7d7","group":"49b2f9ec-818a-49ca-9424-249e1f19f7d7"},{"length":35,"pathSuffix":"test.csv","type":"FILE","blockSize":268435456,"accessTime":1469226766337,"modificationTime":1469226766897,"replication":1,"permission":"555","owner":"49b2f9ec-818a-49ca-9424-249e1f19f7d7","group":"49b2f9ec-818a-49ca-9424-249e1f19f7d7"},{"length":0,"pathSuffix":"tmp","type":"DIRECTORY","blockSize":0,"accessTime":1473878755222,"modificationTime":1473967867570,"replication":0,"permission":"770","owner":"49b2f9ec-818a-49ca-9424-249e1f19f7d7","group":"49b2f9ec-818a-49ca-9424-249e1f19f7d7"},{"length":0,"pathSuffix":"uploads","type":"DIRECTORY","blockSize":0,"accessTime":1473878772044,"modificationTime":1473884228956,"replication":0,"permission":"770","owner":"49b2f9ec-818a-49ca-9424-249e1f19f7d7","group":"49b2f9ec-818a-49ca-9424-249e1f19f7d7"}]}}'}
    headers:
      Cache-Control: [no-cache]
      Content-Length: ['3701']
      Content-Type: [application/json; charset=utf-8]
      Date: ['Thu, 15 Sep 2016 21:03:25 GMT']
      Expires: ['-1']
      Pragma: [no-cache]
      Server-Perf: ['[7df381ee-11c2-4691-91b2-9ff41eb847a5][ AuthTime::0::PostAuthTime::0
          ][S-HdfsListStatus :: 00:00:015 ms]%0a[LISTSTATUS :: 00:00:016 ms]%0a']
      Status: ['0x0']
      Strict-Transport-Security: [max-age=15724800; includeSubDomains]
      X-Content-Type-Options: [nosniff]
      x-ms-request-id: [7df381ee-11c2-4691-91b2-9ff41eb847a5]
      x-ms-webhdfs-version: [16.07.18.01]
    status: {code: 200, message: OK}
version: 1
