interactions:
- request:
    body: '123

      456

      789'
    headers:
      Accept: ['*/*']
      Accept-Encoding: ['gzip, deflate']
      Connection: [keep-alive]
      Content-Length: ['11']
      User-Agent: [python-requests/2.11.1]
    method: PUT
    uri: https://fakestore.azuredatalakestore.net/webhdfs/v1//tmp/test/a?OP=CREATE&overwrite=true&write=true
  response:
    body: {string: ''}
    headers:
      Cache-Control: [no-cache]
      Content-Length: ['0']
      ContentLength: ['0']
      Date: ['Thu, 15 Sep 2016 22:02:20 GMT']
      Expires: ['-1']
      Location: ['https://fakestore.azuredatalakestore.net/webhdfs/v1/tmp/test/a?OP=CREATE&overwrite=true&write=true']
      Pragma: [no-cache]
      Server-Perf: ['[5586d453-41c2-44b1-8830-156dd344afa5][ AuthTime::0::PostAuthTime::0
          ][S-HdfsGetFileStatusV2 :: 00:00:006 ms]%0a[S-HdfsCheckAccess :: 00:00:002
          ms]%0a[S-FsDelete :: 00:00:006 ms]%0a[S-FsOpenStream :: 00:00:100 ms]%0a[S-FsAppendStream
          :: 00:00:672 ms]%0a[BufferingTime :: 00:00:000 ms]%0a[WriteTime :: 00:00:672
          ms]%0a[S-FsAppendStream :: 00:00:025 ms]%0a[S-FsCloseHandle :: 00:00:001
          ms]%0a[CREATE :: 00:00:856 ms]%0a']
      Status: ['0x0']
      Strict-Transport-Security: [max-age=15724800; includeSubDomains]
      X-Content-Type-Options: [nosniff]
      x-ms-request-id: [5586d453-41c2-44b1-8830-156dd344afa5]
      x-ms-webhdfs-version: [16.07.18.01]
    status: {code: 201, message: Created}
- request:
    body: null
    headers:
      Accept: ['*/*']
      Accept-Encoding: ['gzip, deflate']
      Connection: [keep-alive]
      User-Agent: [python-requests/2.11.1]
    method: GET
    uri: https://fakestore.azuredatalakestore.net/webhdfs/v1/tmp/test?OP=LISTSTATUS
  response:
    body: {string: '{"FileStatuses":{"FileStatus":[{"length":11,"pathSuffix":"a","type":"FILE","blockSize":268435456,"accessTime":1473976940225,"modificationTime":1473976940857,"replication":1,"permission":"770","owner":"49b2f9ec-818a-49ca-9424-249e1f19f7d7","group":"49b2f9ec-818a-49ca-9424-249e1f19f7d7"}]}}'}
    headers:
      Cache-Control: [no-cache]
      Content-Length: ['289']
      Content-Type: [application/json; charset=utf-8]
      Date: ['Thu, 15 Sep 2016 22:02:21 GMT']
      Expires: ['-1']
      Pragma: [no-cache]
      Server-Perf: ['[c9ae3729-ba82-4b7a-a9fc-9e39c9559de4][ AuthTime::0::PostAuthTime::0
          ][S-HdfsListStatus :: 00:00:012 ms]%0a[LISTSTATUS :: 00:00:012 ms]%0a']
      Status: ['0x0']
      Strict-Transport-Security: [max-age=15724800; includeSubDomains]
      X-Content-Type-Options: [nosniff]
      x-ms-request-id: [c9ae3729-ba82-4b7a-a9fc-9e39c9559de4]
      x-ms-webhdfs-version: [16.07.18.01]
    status: {code: 200, message: OK}
- request:
    body: null
    headers:
      Accept: ['*/*']
      Accept-Encoding: ['gzip, deflate']
      Connection: [keep-alive]
      User-Agent: [python-requests/2.11.1]
    method: GET
    uri: https://fakestore.azuredatalakestore.net/webhdfs/v1//tmp/test/a?OP=OPEN&offset=1&read=true&length=10
  response:
    body: {string: '23

        456

        789'}
    headers:
      Cache-Control: [no-cache]
      Content-Type: [application/octet-stream]
      Date: ['Thu, 15 Sep 2016 22:02:21 GMT']
      Expires: ['-1']
      Pragma: [no-cache]
      Server-Perf: ['[9016f788-0da2-4a60-b2e0-0bf71c1934c5][ AuthTime::0::PostAuthTime::0
          ][S-FsOpenStream :: 00:00:013 ms]%0a[S-FsReadStream :: 00:00:014 ms]%0a[OPEN
          :: 00:00:028 ms]%0a']
      Status: ['0x0']
      Strict-Transport-Security: [max-age=15724800; includeSubDomains]
      Transfer-Encoding: [chunked]
      X-Content-Type-Options: [nosniff]
      x-ms-request-id: [9016f788-0da2-4a60-b2e0-0bf71c1934c5]
      x-ms-webhdfs-version: [16.07.18.01]
    status: {code: 200, message: OK}
- request:
    body: null
    headers:
      Accept: ['*/*']
      Accept-Encoding: ['gzip, deflate']
      Connection: [keep-alive]
      User-Agent: [python-requests/2.11.1]
    method: GET
    uri: https://fakestore.azuredatalakestore.net/webhdfs/v1//tmp/test/a?OP=OPEN&offset=1&read=true&length=10
  response:
    body: {string: '23

        456

        789'}
    headers:
      Cache-Control: [no-cache]
      Content-Type: [application/octet-stream]
      Date: ['Thu, 15 Sep 2016 22:02:21 GMT']
      Expires: ['-1']
      Pragma: [no-cache]
      Server-Perf: ['[c4e2a6e9-9119-4e09-aeb3-a88f3962caa7][ AuthTime::0::PostAuthTime::0
          ][S-FsOpenStream :: 00:00:014 ms]%0a[S-FsReadStream :: 00:00:043 ms]%0a[OPEN
          :: 00:00:058 ms]%0a']
      Status: ['0x0']
      Strict-Transport-Security: [max-age=15724800; includeSubDomains]
      Transfer-Encoding: [chunked]
      X-Content-Type-Options: [nosniff]
      x-ms-request-id: [c4e2a6e9-9119-4e09-aeb3-a88f3962caa7]
      x-ms-webhdfs-version: [16.07.18.01]
    status: {code: 200, message: OK}
- request:
    body: null
    headers:
      Accept: ['*/*']
      Accept-Encoding: ['gzip, deflate']
      Connection: [keep-alive]
      User-Agent: [python-requests/2.11.1]
    method: GET
    uri: https://fakestore.azuredatalakestore.net/webhdfs/v1//tmp/test/a?OP=OPEN&offset=0&read=true&length=1
  response:
    body: {string: '1'}
    headers:
      Cache-Control: [no-cache]
      Content-Type: [application/octet-stream]
      Date: ['Thu, 15 Sep 2016 22:02:21 GMT']
      Expires: ['-1']
      Pragma: [no-cache]
      Server-Perf: ['[8d33b36f-d11a-4037-8eaa-6bcc065eaa8d][ AuthTime::0::PostAuthTime::0
          ][S-FsOpenStream :: 00:00:014 ms]%0a[S-FsReadStream :: 00:00:014 ms]%0a[OPEN
          :: 00:00:028 ms]%0a']
      Status: ['0x0']
      Strict-Transport-Security: [max-age=15724800; includeSubDomains]
      Transfer-Encoding: [chunked]
      X-Content-Type-Options: [nosniff]
      x-ms-request-id: [8d33b36f-d11a-4037-8eaa-6bcc065eaa8d]
      x-ms-webhdfs-version: [16.07.18.01]
    status: {code: 200, message: OK}
- request:
    body: null
    headers:
      Accept: ['*/*']
      Accept-Encoding: ['gzip, deflate']
      Connection: [keep-alive]
      User-Agent: [python-requests/2.11.1]
    method: GET
    uri: https://fakestore.azuredatalakestore.net/webhdfs/v1//tmp/test/a?OP=OPEN&offset=2&read=true&length=9
  response:
    body: {string: '3

        456

        789'}
    headers:
      Cache-Control: [no-cache]
      Content-Type: [application/octet-stream]
      Date: ['Thu, 15 Sep 2016 22:02:21 GMT']
      Expires: ['-1']
      Pragma: [no-cache]
      Server-Perf: ['[2d0f39b8-55b3-43e8-a863-7b2d3c5c4105][ AuthTime::0::PostAuthTime::0
          ][S-FsOpenStream :: 00:00:014 ms]%0a[S-FsReadStream :: 00:00:013 ms]%0a[OPEN
          :: 00:00:028 ms]%0a']
      Status: ['0x0']
      Strict-Transport-Security: [max-age=15724800; includeSubDomains]
      Transfer-Encoding: [chunked]
      X-Content-Type-Options: [nosniff]
      x-ms-request-id: [2d0f39b8-55b3-43e8-a863-7b2d3c5c4105]
      x-ms-webhdfs-version: [16.07.18.01]
    status: {code: 200, message: OK}
- request:
    body: null
    headers:
      Accept: ['*/*']
      Accept-Encoding: ['gzip, deflate']
      Connection: [keep-alive]
      User-Agent: [python-requests/2.11.1]
    method: GET
    uri: https://fakestore.azuredatalakestore.net/webhdfs/v1//tmp/test/a?OP=OPEN&offset=0&read=true&length=2
  response:
    body: {string: '12'}
    headers:
      Cache-Control: [no-cache]
      Content-Type: [application/octet-stream]
      Date: ['Thu, 15 Sep 2016 22:02:22 GMT']
      Expires: ['-1']
      Pragma: [no-cache]
      Server-Perf: ['[26cbde83-5e45-4421-993b-3161b4ce63dc][ AuthTime::0::PostAuthTime::0
          ][S-FsOpenStream :: 00:00:013 ms]%0a[S-FsReadStream :: 00:00:079 ms]%0a[OPEN
          :: 00:00:093 ms]%0a']
      Status: ['0x0']
      Strict-Transport-Security: [max-age=15724800; includeSubDomains]
      Transfer-Encoding: [chunked]
      X-Content-Type-Options: [nosniff]
      x-ms-request-id: [26cbde83-5e45-4421-993b-3161b4ce63dc]
      x-ms-webhdfs-version: [16.07.18.01]
    status: {code: 200, message: OK}
- request:
    body: null
    headers:
      Accept: ['*/*']
      Accept-Encoding: ['gzip, deflate']
      Connection: [keep-alive]
      User-Agent: [python-requests/2.11.1]
    method: GET
    uri: https://fakestore.azuredatalakestore.net/webhdfs/v1//tmp/test/a?OP=OPEN&offset=3&read=true&length=8
  response:
    body: {string: '

        456

        789'}
    headers:
      Cache-Control: [no-cache]
      Content-Type: [application/octet-stream]
      Date: ['Thu, 15 Sep 2016 22:02:22 GMT']
      Expires: ['-1']
      Pragma: [no-cache]
      Server-Perf: ['[816fc05e-9b40-44b3-9a8d-e8b4e0421abb][ AuthTime::0::PostAuthTime::0
          ][S-FsOpenStream :: 00:00:015 ms]%0a[S-FsReadStream :: 00:00:017 ms]%0a[OPEN
          :: 00:00:033 ms]%0a']
      Status: ['0x0']
      Strict-Transport-Security: [max-age=15724800; includeSubDomains]
      Transfer-Encoding: [chunked]
      X-Content-Type-Options: [nosniff]
      x-ms-request-id: [816fc05e-9b40-44b3-9a8d-e8b4e0421abb]
      x-ms-webhdfs-version: [16.07.18.01]
    status: {code: 200, message: OK}
- request:
    body: null
    headers:
      Accept: ['*/*']
      Accept-Encoding: ['gzip, deflate']
      Connection: [keep-alive]
      User-Agent: [python-requests/2.11.1]
    method: GET
    uri: https://fakestore.azuredatalakestore.net/webhdfs/v1//tmp/test/a?OP=OPEN&offset=0&read=true&length=3
  response:
    body: {string: '123'}
    headers:
      Cache-Control: [no-cache]
      Content-Type: [application/octet-stream]
      Date: ['Thu, 15 Sep 2016 22:02:22 GMT']
      Expires: ['-1']
      Pragma: [no-cache]
      Server-Perf: ['[1cf0c7fb-8c2d-4907-a966-1fac8feaf9c8][ AuthTime::0::PostAuthTime::0
          ][S-FsOpenStream :: 00:00:013 ms]%0a[S-FsReadStream :: 00:00:012 ms]%0a[OPEN
          :: 00:00:026 ms]%0a']
      Status: ['0x0']
      Strict-Transport-Security: [max-age=15724800; includeSubDomains]
      Transfer-Encoding: [chunked]
      X-Content-Type-Options: [nosniff]
      x-ms-request-id: [1cf0c7fb-8c2d-4907-a966-1fac8feaf9c8]
      x-ms-webhdfs-version: [16.07.18.01]
    status: {code: 200, message: OK}
- request:
    body: null
    headers:
      Accept: ['*/*']
      Accept-Encoding: ['gzip, deflate']
      Connection: [keep-alive]
      User-Agent: [python-requests/2.11.1]
    method: GET
    uri: https://fakestore.azuredatalakestore.net/webhdfs/v1//tmp/test/a?OP=OPEN&offset=5&read=true&length=6
  response:
    body: {string: '56

        789'}
    headers:
      Cache-Control: [no-cache]
      Content-Type: [application/octet-stream]
      Date: ['Thu, 15 Sep 2016 22:02:23 GMT']
      Expires: ['-1']
      Pragma: [no-cache]
      Server-Perf: ['[dc890e0b-9bcf-43cd-93ed-e80ccb33ec2a][ AuthTime::1823.09207192297::PostAuthTime::225.801692229728
          ][S-FsOpenStream :: 00:00:013 ms]%0a[S-FsReadStream :: 00:00:014 ms]%0a[OPEN
          :: 00:00:028 ms]%0a']
      Status: ['0x0']
      Strict-Transport-Security: [max-age=15724800; includeSubDomains]
      Transfer-Encoding: [chunked]
      X-Content-Type-Options: [nosniff]
      x-ms-request-id: [dc890e0b-9bcf-43cd-93ed-e80ccb33ec2a]
      x-ms-webhdfs-version: [16.07.18.01]
    status: {code: 200, message: OK}
- request:
    body: null
    headers:
      Accept: ['*/*']
      Accept-Encoding: ['gzip, deflate']
      Connection: [keep-alive]
      User-Agent: [python-requests/2.11.1]
    method: GET
    uri: https://fakestore.azuredatalakestore.net/webhdfs/v1//tmp/test/a?OP=OPEN&offset=0&read=true&length=5
  response:
    body: {string: '123

        4'}
    headers:
      Cache-Control: [no-cache]
      Content-Type: [application/octet-stream]
      Date: ['Thu, 15 Sep 2016 22:02:23 GMT']
      Expires: ['-1']
      Pragma: [no-cache]
      Server-Perf: ['[d4886764-5c5a-48f1-af97-378f1b763df9][ AuthTime::0::PostAuthTime::0
          ][S-FsOpenStream :: 00:00:013 ms]%0a[S-FsReadStream :: 00:00:013 ms]%0a[OPEN
          :: 00:00:027 ms]%0a']
      Status: ['0x0']
      Strict-Transport-Security: [max-age=15724800; includeSubDomains]
      Transfer-Encoding: [chunked]
      X-Content-Type-Options: [nosniff]
      x-ms-request-id: [d4886764-5c5a-48f1-af97-378f1b763df9]
      x-ms-webhdfs-version: [16.07.18.01]
    status: {code: 200, message: OK}
- request:
    body: null
    headers:
      Accept: ['*/*']
      Accept-Encoding: ['gzip, deflate']
      Connection: [keep-alive]
      User-Agent: [python-requests/2.11.1]
    method: GET
    uri: https://fakestore.azuredatalakestore.net/webhdfs/v1//tmp/test/a?OP=OPEN&offset=8&read=true&length=3
  response:
    body: {string: '789'}
    headers:
      Cache-Control: [no-cache]
      Content-Type: [application/octet-stream]
      Date: ['Thu, 15 Sep 2016 22:02:23 GMT']
      Expires: ['-1']
      Pragma: [no-cache]
      Server-Perf: ['[20976b5d-a0e2-4e42-b173-b6b35d71e3ba][ AuthTime::0::PostAuthTime::0
          ][S-FsOpenStream :: 00:00:013 ms]%0a[S-FsReadStream :: 00:00:015 ms]%0a[OPEN
          :: 00:00:030 ms]%0a']
      Status: ['0x0']
      Strict-Transport-Security: [max-age=15724800; includeSubDomains]
      Transfer-Encoding: [chunked]
      X-Content-Type-Options: [nosniff]
      x-ms-request-id: [20976b5d-a0e2-4e42-b173-b6b35d71e3ba]
      x-ms-webhdfs-version: [16.07.18.01]
    status: {code: 200, message: OK}
- request:
    body: null
    headers:
      Accept: ['*/*']
      Accept-Encoding: ['gzip, deflate']
      Connection: [keep-alive]
      User-Agent: [python-requests/2.11.1]
    method: GET
    uri: https://fakestore.azuredatalakestore.net/webhdfs/v1//tmp/test/a?OP=OPEN&offset=0&read=true&length=8
  response:
    body: {string: '123

        456

'}
    headers:
      Cache-Control: [no-cache]
      Content-Type: [application/octet-stream]
      Date: ['Thu, 15 Sep 2016 22:02:23 GMT']
      Expires: ['-1']
      Pragma: [no-cache]
      Server-Perf: ['[8fb942f7-6a62-4ea7-90e4-98a9db8ce12c][ AuthTime::0::PostAuthTime::0
          ][S-FsOpenStream :: 00:00:013 ms]%0a[S-FsReadStream :: 00:00:028 ms]%0a[OPEN
          :: 00:00:042 ms]%0a']
      Status: ['0x0']
      Strict-Transport-Security: [max-age=15724800; includeSubDomains]
      Transfer-Encoding: [chunked]
      X-Content-Type-Options: [nosniff]
      x-ms-request-id: [8fb942f7-6a62-4ea7-90e4-98a9db8ce12c]
      x-ms-webhdfs-version: [16.07.18.01]
    status: {code: 200, message: OK}
- request:
    body: null
    headers:
      Accept: ['*/*']
      Accept-Encoding: ['gzip, deflate']
      Connection: [keep-alive]
      User-Agent: [python-requests/2.11.1]
    method: GET
    uri: https://fakestore.azuredatalakestore.net/webhdfs/v1//tmp/test/a?OP=OPEN&offset=0&read=true&length=11
  response:
    body: {string: '123

        456

        789'}
    headers:
      Cache-Control: [no-cache]
      Content-Type: [application/octet-stream]
      Date: ['Thu, 15 Sep 2016 22:02:24 GMT']
      Expires: ['-1']
      Pragma: [no-cache]
      Server-Perf: ['[ef6cc5d8-dfd6-4040-8658-c135b3b8e692][ AuthTime::0::PostAuthTime::0
          ][S-FsOpenStream :: 00:00:014 ms]%0a[S-FsReadStream :: 00:00:013 ms]%0a[OPEN
          :: 00:00:028 ms]%0a']
      Status: ['0x0']
      Strict-Transport-Security: [max-age=15724800; includeSubDomains]
      Transfer-Encoding: [chunked]
      X-Content-Type-Options: [nosniff]
      x-ms-request-id: [ef6cc5d8-dfd6-4040-8658-c135b3b8e692]
      x-ms-webhdfs-version: [16.07.18.01]
    status: {code: 200, message: OK}
- request:
    body: null
    headers:
      Accept: ['*/*']
      Accept-Encoding: ['gzip, deflate']
      Connection: [keep-alive]
      User-Agent: [python-requests/2.11.1]
    method: GET
    uri: https://fakestore.azuredatalakestore.net/webhdfs/v1//tmp/test/a?OP=OPEN&offset=1&read=true&length=10
  response:
    body: {string: '23

        456

        789'}
    headers:
      Cache-Control: [no-cache]
      Content-Type: [application/octet-stream]
      Date: ['Thu, 15 Sep 2016 22:02:24 GMT']
      Expires: ['-1']
      Pragma: [no-cache]
      Server-Perf: ['[fe824173-47e8-4a02-94b2-a4069064e022][ AuthTime::936.992693937388::PostAuthTime::212.972323861624
          ][S-FsOpenStream :: 00:00:012 ms]%0a[S-FsReadStream :: 00:00:013 ms]%0a[OPEN
          :: 00:00:026 ms]%0a']
      Status: ['0x0']
      Strict-Transport-Security: [max-age=15724800; includeSubDomains]
      Transfer-Encoding: [chunked]
      X-Content-Type-Options: [nosniff]
      x-ms-request-id: [fe824173-47e8-4a02-94b2-a4069064e022]
      x-ms-webhdfs-version: [16.07.18.01]
    status: {code: 200, message: OK}
- request:
    body: null
    headers:
      Accept: ['*/*']
      Accept-Encoding: ['gzip, deflate']
      Connection: [keep-alive]
      User-Agent: [python-requests/2.11.1]
    method: GET
    uri: https://fakestore.azuredatalakestore.net/webhdfs/v1//tmp/test/a?OP=OPEN&offset=1&read=true&length=10
  response:
    body: {string: '23

        456

        789'}
    headers:
      Cache-Control: [no-cache]
      Content-Type: [application/octet-stream]
      Date: ['Thu, 15 Sep 2016 22:02:24 GMT']
      Expires: ['-1']
      Pragma: [no-cache]
      Server-Perf: ['[6c9a1117-a3e9-42d0-8f09-5a2a45ea2565][ AuthTime::0::PostAuthTime::0
          ][S-FsOpenStream :: 00:00:013 ms]%0a[S-FsReadStream :: 00:00:012 ms]%0a[OPEN
          :: 00:00:026 ms]%0a']
      Status: ['0x0']
      Strict-Transport-Security: [max-age=15724800; includeSubDomains]
      Transfer-Encoding: [chunked]
      X-Content-Type-Options: [nosniff]
      x-ms-request-id: [6c9a1117-a3e9-42d0-8f09-5a2a45ea2565]
      x-ms-webhdfs-version: [16.07.18.01]
    status: {code: 200, message: OK}
- request:
    body: null
    headers:
      Accept: ['*/*']
      Accept-Encoding: ['gzip, deflate']
      Connection: [keep-alive]
      User-Agent: [python-requests/2.11.1]
    method: GET
    uri: https://fakestore.azuredatalakestore.net/webhdfs/v1//tmp/test/a?OP=OPEN&offset=1&read=true&length=10
  response:
    body: {string: '23

        456

        789'}
    headers:
      Cache-Control: [no-cache]
      Content-Type: [application/octet-stream]
      Date: ['Thu, 15 Sep 2016 22:02:25 GMT']
      Expires: ['-1']
      Pragma: [no-cache]
      Server-Perf: ['[2a1ea67f-d42a-424c-bad4-feb7d1b1d107][ AuthTime::0::PostAuthTime::0
          ][S-FsOpenStream :: 00:00:018 ms]%0a[S-FsReadStream :: 00:00:035 ms]%0a[OPEN
          :: 00:00:054 ms]%0a']
      Status: ['0x0']
      Strict-Transport-Security: [max-age=15724800; includeSubDomains]
      Transfer-Encoding: [chunked]
      X-Content-Type-Options: [nosniff]
      x-ms-request-id: [2a1ea67f-d42a-424c-bad4-feb7d1b1d107]
      x-ms-webhdfs-version: [16.07.18.01]
    status: {code: 200, message: OK}
- request:
    body: null
    headers:
      Accept: ['*/*']
      Accept-Encoding: ['gzip, deflate']
      Connection: [keep-alive]
      User-Agent: [python-requests/2.11.1]
    method: GET
    uri: https://fakestore.azuredatalakestore.net/webhdfs/v1//tmp/test/a?OP=OPEN&offset=3&read=true&length=8
  response:
    body: {string: '

        456

        789'}
    headers:
      Cache-Control: [no-cache]
      Content-Type: [application/octet-stream]
      Date: ['Thu, 15 Sep 2016 22:02:25 GMT']
      Expires: ['-1']
      Pragma: [no-cache]
      Server-Perf: ['[0e124da4-3200-4b06-8fb8-f87fc305fd60][ AuthTime::0::PostAuthTime::0
          ][S-FsOpenStream :: 00:00:014 ms]%0a[S-FsReadStream :: 00:00:375 ms]%0a[OPEN
          :: 00:00:390 ms]%0a']
      Status: ['0x0']
      Strict-Transport-Security: [max-age=15724800; includeSubDomains]
      Transfer-Encoding: [chunked]
      X-Content-Type-Options: [nosniff]
      x-ms-request-id: [0e124da4-3200-4b06-8fb8-f87fc305fd60]
      x-ms-webhdfs-version: [16.07.18.01]
    status: {code: 200, message: OK}
- request:
    body: null
    headers:
      Accept: ['*/*']
      Accept-Encoding: ['gzip, deflate']
      Connection: [keep-alive]
      User-Agent: [python-requests/2.11.1]
    method: GET
    uri: https://fakestore.azuredatalakestore.net/webhdfs/v1//tmp/test/a?OP=OPEN&offset=0&read=true&length=3
  response:
    body: {string: '123'}
    headers:
      Cache-Control: [no-cache]
      Content-Type: [application/octet-stream]
      Date: ['Thu, 15 Sep 2016 22:02:25 GMT']
      Expires: ['-1']
      Pragma: [no-cache]
      Server-Perf: ['[5f63694e-3c4e-4cd9-8e4e-e6bd85a41172][ AuthTime::0::PostAuthTime::0
          ][S-FsOpenStream :: 00:00:012 ms]%0a[S-FsReadStream :: 00:00:012 ms]%0a[OPEN
          :: 00:00:025 ms]%0a']
      Status: ['0x0']
      Strict-Transport-Security: [max-age=15724800; includeSubDomains]
      Transfer-Encoding: [chunked]
      X-Content-Type-Options: [nosniff]
      x-ms-request-id: [5f63694e-3c4e-4cd9-8e4e-e6bd85a41172]
      x-ms-webhdfs-version: [16.07.18.01]
    status: {code: 200, message: OK}
- request:
    body: null
    headers:
      Accept: ['*/*']
      Accept-Encoding: ['gzip, deflate']
      Connection: [keep-alive]
      User-Agent: [python-requests/2.11.1]
    method: GET
    uri: https://fakestore.azuredatalakestore.net/webhdfs/v1//tmp/test/a?OP=OPEN&offset=3&read=true&length=8
  response:
    body: {string: '

        456

        789'}
    headers:
      Cache-Control: [no-cache]
      Content-Type: [application/octet-stream]
      Date: ['Thu, 15 Sep 2016 22:02:26 GMT']
      Expires: ['-1']
      Pragma: [no-cache]
      Server-Perf: ['[a28c2297-c24f-41d3-832d-dae20e831c8a][ AuthTime::0::PostAuthTime::0
          ][S-FsOpenStream :: 00:00:013 ms]%0a[S-FsReadStream :: 00:00:024 ms]%0a[OPEN
          :: 00:00:038 ms]%0a']
      Status: ['0x0']
      Strict-Transport-Security: [max-age=15724800; includeSubDomains]
      Transfer-Encoding: [chunked]
      X-Content-Type-Options: [nosniff]
      x-ms-request-id: [a28c2297-c24f-41d3-832d-dae20e831c8a]
      x-ms-webhdfs-version: [16.07.18.01]
    status: {code: 200, message: OK}
- request:
    body: null
    headers:
      Accept: ['*/*']
      Accept-Encoding: ['gzip, deflate']
      Connection: [keep-alive]
      User-Agent: [python-requests/2.11.1]
    method: GET
    uri: https://fakestore.azuredatalakestore.net/webhdfs/v1//tmp/test/a?OP=OPEN&offset=6&read=true&length=5
  response:
    body: {string: '6

        789'}
    headers:
      Cache-Control: [no-cache]
      Content-Type: [application/octet-stream]
      Date: ['Thu, 15 Sep 2016 22:02:26 GMT']
      Expires: ['-1']
      Pragma: [no-cache]
      Server-Perf: ['[f3f9da8e-9701-4a32-8194-18af7d05e660][ AuthTime::0::PostAuthTime::0
          ][S-FsOpenStream :: 00:00:013 ms]%0a[S-FsReadStream :: 00:00:013 ms]%0a[OPEN
          :: 00:00:027 ms]%0a']
      Status: ['0x0']
      Strict-Transport-Security: [max-age=15724800; includeSubDomains]
      Transfer-Encoding: [chunked]
      X-Content-Type-Options: [nosniff]
      x-ms-request-id: [f3f9da8e-9701-4a32-8194-18af7d05e660]
      x-ms-webhdfs-version: [16.07.18.01]
    status: {code: 200, message: OK}
- request:
    body: null
    headers:
      Accept: ['*/*']
      Accept-Encoding: ['gzip, deflate']
      Connection: [keep-alive]
      User-Agent: [python-requests/2.11.1]
    method: GET
    uri: https://fakestore.azuredatalakestore.net/webhdfs/v1//tmp/test/a?OP=OPEN&offset=9&read=true&length=2
  response:
    body: {string: '89'}
    headers:
      Cache-Control: [no-cache]
      Content-Type: [application/octet-stream]
      Date: ['Thu, 15 Sep 2016 22:02:27 GMT']
      Expires: ['-1']
      Pragma: [no-cache]
      Server-Perf: ['[07563671-bc52-4e9f-be4a-58dfdfac2f85][ AuthTime::0::PostAuthTime::0
          ][S-FsOpenStream :: 00:00:013 ms]%0a[S-FsReadStream :: 00:00:013 ms]%0a[OPEN
          :: 00:00:026 ms]%0a']
      Status: ['0x0']
      Strict-Transport-Security: [max-age=15724800; includeSubDomains]
      Transfer-Encoding: [chunked]
      X-Content-Type-Options: [nosniff]
      x-ms-request-id: [07563671-bc52-4e9f-be4a-58dfdfac2f85]
      x-ms-webhdfs-version: [16.07.18.01]
    status: {code: 200, message: OK}
- request:
    body: null
    headers:
      Accept: ['*/*']
      Accept-Encoding: ['gzip, deflate']
      Connection: [keep-alive]
      User-Agent: [python-requests/2.11.1]
    method: GET
    uri: https://fakestore.azuredatalakestore.net/webhdfs/v1//tmp/test/a?OP=OPEN&offset=4&read=true&length=7
  response:
    body: {string: '456

        789'}
    headers:
      Cache-Control: [no-cache]
      Content-Type: [application/octet-stream]
      Date: ['Thu, 15 Sep 2016 22:02:27 GMT']
      Expires: ['-1']
      Pragma: [no-cache]
      Server-Perf: ['[30757b39-ef63-45c1-ab2b-3a7c245b94cf][ AuthTime::0::PostAuthTime::0
          ][S-FsOpenStream :: 00:00:013 ms]%0a[S-FsReadStream :: 00:00:013 ms]%0a[OPEN
          :: 00:00:027 ms]%0a']
      Status: ['0x0']
      Strict-Transport-Security: [max-age=15724800; includeSubDomains]
      Transfer-Encoding: [chunked]
      X-Content-Type-Options: [nosniff]
      x-ms-request-id: [30757b39-ef63-45c1-ab2b-3a7c245b94cf]
      x-ms-webhdfs-version: [16.07.18.01]
    status: {code: 200, message: OK}
- request:
    body: null
    headers:
      Accept: ['*/*']
      Accept-Encoding: ['gzip, deflate']
      Connection: [keep-alive]
      User-Agent: [python-requests/2.11.1]
    method: GET
    uri: https://fakestore.azuredatalakestore.net/webhdfs/v1//tmp/test/a?OP=OPEN&offset=0&read=true&length=4
  response:
    body: {string: '123

'}
    headers:
      Cache-Control: [no-cache]
      Content-Type: [application/octet-stream]
      Date: ['Thu, 15 Sep 2016 22:02:27 GMT']
      Expires: ['-1']
      Pragma: [no-cache]
      Server-Perf: ['[6bbbf11e-1d0a-4e37-83c3-90525fa64baf][ AuthTime::0::PostAuthTime::0
          ][S-FsOpenStream :: 00:00:014 ms]%0a[S-FsReadStream :: 00:00:012 ms]%0a[OPEN
          :: 00:00:027 ms]%0a']
      Status: ['0x0']
      Strict-Transport-Security: [max-age=15724800; includeSubDomains]
      Transfer-Encoding: [chunked]
      X-Content-Type-Options: [nosniff]
      x-ms-request-id: [6bbbf11e-1d0a-4e37-83c3-90525fa64baf]
      x-ms-webhdfs-version: [16.07.18.01]
    status: {code: 200, message: OK}
- request:
    body: null
    headers:
      Accept: ['*/*']
      Accept-Encoding: ['gzip, deflate']
      Connection: [keep-alive]
      User-Agent: [python-requests/2.11.1]
    method: GET
    uri: https://fakestore.azuredatalakestore.net/webhdfs/v1//tmp/test/a?OP=OPEN&offset=4&read=true&length=7
  response:
    body: {string: '456

        789'}
    headers:
      Cache-Control: [no-cache]
      Content-Type: [application/octet-stream]
      Date: ['Thu, 15 Sep 2016 22:02:27 GMT']
      Expires: ['-1']
      Pragma: [no-cache]
      Server-Perf: ['[78caff34-8226-4d7a-8824-61ac0b8f8315][ AuthTime::0::PostAuthTime::0
          ][S-FsOpenStream :: 00:00:012 ms]%0a[S-FsReadStream :: 00:00:014 ms]%0a[OPEN
          :: 00:00:028 ms]%0a']
      Status: ['0x0']
      Strict-Transport-Security: [max-age=15724800; includeSubDomains]
      Transfer-Encoding: [chunked]
      X-Content-Type-Options: [nosniff]
      x-ms-request-id: [78caff34-8226-4d7a-8824-61ac0b8f8315]
      x-ms-webhdfs-version: [16.07.18.01]
    status: {code: 200, message: OK}
- request:
    body: null
    headers:
      Accept: ['*/*']
      Accept-Encoding: ['gzip, deflate']
      Connection: [keep-alive]
      User-Agent: [python-requests/2.11.1]
    method: GET
    uri: https://fakestore.azuredatalakestore.net/webhdfs/v1//tmp/test/a?OP=OPEN&offset=8&read=true&length=3
  response:
    body: {string: '789'}
    headers:
      Cache-Control: [no-cache]
      Content-Type: [application/octet-stream]
      Date: ['Thu, 15 Sep 2016 22:02:28 GMT']
      Expires: ['-1']
      Pragma: [no-cache]
      Server-Perf: ['[cb8dc930-1e55-411b-ad44-75f95d877b10][ AuthTime::0::PostAuthTime::0
          ][S-FsOpenStream :: 00:00:014 ms]%0a[S-FsReadStream :: 00:00:014 ms]%0a[OPEN
          :: 00:00:029 ms]%0a']
      Status: ['0x0']
      Strict-Transport-Security: [max-age=15724800; includeSubDomains]
      Transfer-Encoding: [chunked]
      X-Content-Type-Options: [nosniff]
      x-ms-request-id: [cb8dc930-1e55-411b-ad44-75f95d877b10]
      x-ms-webhdfs-version: [16.07.18.01]
    status: {code: 200, message: OK}
- request:
    body: null
    headers:
      Accept: ['*/*']
      Accept-Encoding: ['gzip, deflate']
      Connection: [keep-alive]
      User-Agent: [python-requests/2.11.1]
    method: GET
    uri: https://fakestore.azuredatalakestore.net/webhdfs/v1/azure_test_dir?OP=LISTSTATUS
  response:
    body: {string: '{"FileStatuses":{"FileStatus":[]}}'}
    headers:
      Cache-Control: [no-cache]
      Content-Length: ['34']
      Content-Type: [application/json; charset=utf-8]
      Date: ['Thu, 15 Sep 2016 22:02:28 GMT']
      Expires: ['-1']
      Pragma: [no-cache]
      Server-Perf: ['[4735605b-50ff-4b57-8ba9-9b4760a59208][ AuthTime::0::PostAuthTime::0
          ][S-HdfsListStatus :: 00:00:007 ms]%0a[LISTSTATUS :: 00:00:007 ms]%0a']
      Status: ['0x0']
      Strict-Transport-Security: [max-age=15724800; includeSubDomains]
      X-Content-Type-Options: [nosniff]
      x-ms-request-id: [4735605b-50ff-4b57-8ba9-9b4760a59208]
      x-ms-webhdfs-version: [16.07.18.01]
    status: {code: 200, message: OK}
- request:
    body: null
    headers:
      Accept: ['*/*']
      Accept-Encoding: ['gzip, deflate']
      Connection: [keep-alive]
      User-Agent: [python-requests/2.11.1]
    method: GET
    uri: https://fakestore.azuredatalakestore.net/webhdfs/v1/.?OP=LISTSTATUS
  response:
    body: {string: '{"FileStatuses":{"FileStatus":[{"length":570438720,"pathSuffix":"CGPS-CO.fits","type":"FILE","blockSize":268435456,"accessTime":1473692371890,"modificationTime":1473692372109,"replication":1,"permission":"770","owner":"49b2f9ec-818a-49ca-9424-249e1f19f7d7","group":"49b2f9ec-818a-49ca-9424-249e1f19f7d7"},{"length":0,"pathSuffix":"a","type":"DIRECTORY","blockSize":0,"accessTime":1471639845701,"modificationTime":1471639848993,"replication":0,"permission":"770","owner":"49b2f9ec-818a-49ca-9424-249e1f19f7d7","group":"49b2f9ec-818a-49ca-9424-249e1f19f7d7"},{"length":0,"pathSuffix":"azure_test_dir","type":"DIRECTORY","blockSize":0,"accessTime":1471873455266,"modificationTime":1473976939899,"replication":0,"permission":"770","owner":"49b2f9ec-818a-49ca-9424-249e1f19f7d7","group":"49b2f9ec-818a-49ca-9424-249e1f19f7d7"},{"length":0,"pathSuffix":"begoldsm","type":"DIRECTORY","blockSize":0,"accessTime":1472597222084,"modificationTime":1472761508818,"replication":0,"permission":"770","owner":"49b2f9ec-818a-49ca-9424-249e1f19f7d7","group":"49b2f9ec-818a-49ca-9424-249e1f19f7d7"},{"length":0,"pathSuffix":"bigfile","type":"FILE","blockSize":268435456,"accessTime":1472760715031,"modificationTime":1472760715031,"replication":1,"permission":"770","owner":"49b2f9ec-818a-49ca-9424-249e1f19f7d7","group":"49b2f9ec-818a-49ca-9424-249e1f19f7d7"},{"length":81840585,"pathSuffix":"gdelt20150827.csv","type":"FILE","blockSize":268435456,"accessTime":1469485983963,"modificationTime":1469485984240,"replication":1,"permission":"770","owner":"49b2f9ec-818a-49ca-9424-249e1f19f7d7","group":"49b2f9ec-818a-49ca-9424-249e1f19f7d7"},{"length":0,"pathSuffix":"joe","type":"DIRECTORY","blockSize":0,"accessTime":1472852370428,"modificationTime":1472852370428,"replication":0,"permission":"770","owner":"49b2f9ec-818a-49ca-9424-249e1f19f7d7","group":"49b2f9ec-818a-49ca-9424-249e1f19f7d7"},{"length":0,"pathSuffix":"joseph","type":"DIRECTORY","blockSize":0,"accessTime":1472608724061,"modificationTime":1473892646641,"replication":0,"permission":"770","owner":"49b2f9ec-818a-49ca-9424-249e1f19f7d7","group":"49b2f9ec-818a-49ca-9424-249e1f19f7d7"},{"length":6,"pathSuffix":"littlefile","type":"FILE","blockSize":268435456,"accessTime":1473883660395,"modificationTime":1473883660506,"replication":1,"permission":"770","owner":"49b2f9ec-818a-49ca-9424-249e1f19f7d7","group":"49b2f9ec-818a-49ca-9424-249e1f19f7d7"},{"length":0,"pathSuffix":"random2.csv","type":"FILE","blockSize":268435456,"accessTime":1473740396705,"modificationTime":1473740396705,"replication":1,"permission":"770","owner":"49b2f9ec-818a-49ca-9424-249e1f19f7d7","group":"49b2f9ec-818a-49ca-9424-249e1f19f7d7"},{"length":35,"pathSuffix":"test.csv","type":"FILE","blockSize":268435456,"accessTime":1469226766337,"modificationTime":1469226766897,"replication":1,"permission":"555","owner":"49b2f9ec-818a-49ca-9424-249e1f19f7d7","group":"49b2f9ec-818a-49ca-9424-249e1f19f7d7"},{"length":0,"pathSuffix":"tmp","type":"DIRECTORY","blockSize":0,"accessTime":1473975098343,"modificationTime":1473976940259,"replication":0,"permission":"770","owner":"49b2f9ec-818a-49ca-9424-249e1f19f7d7","group":"49b2f9ec-818a-49ca-9424-249e1f19f7d7"}]}}'}
    headers:
      Cache-Control: [no-cache]
      Content-Length: ['3179']
      Content-Type: [application/json; charset=utf-8]
      Date: ['Thu, 15 Sep 2016 22:02:29 GMT']
      Expires: ['-1']
      Pragma: [no-cache]
      Server-Perf: ['[4b05d00b-895f-4374-97fb-ff89c051568a][ AuthTime::0::PostAuthTime::0
          ][S-HdfsListStatus :: 00:00:014 ms]%0a[LISTSTATUS :: 00:00:014 ms]%0a']
      Status: ['0x0']
      Strict-Transport-Security: [max-age=15724800; includeSubDomains]
      X-Content-Type-Options: [nosniff]
      x-ms-request-id: [4b05d00b-895f-4374-97fb-ff89c051568a]
      x-ms-webhdfs-version: [16.07.18.01]
    status: {code: 200, message: OK}
version: 1
