interactions:
- request:
    body: null
    headers:
      Accept: ['*/*']
      Accept-Encoding: ['gzip, deflate']
      Connection: [keep-alive]
      User-Agent: [python/3.5.2 (Windows-10-10.0.15063-SP0) azure.datalake.store.lib/0.0.10
          Azure-Data-Lake-Store-SDK-For-Python]
      x-ms-client-request-id: [52945e26-4267-11e7-899f-645106422854]
    method: GET
    uri: https://fakestore.azuredatalakestore.net/webhdfs/v1/azure_test_dir/a?OP=GETFILESTATUS&api-version=2016-11-01
  response:
    body: {string: '{"RemoteException":{"exception":"FileNotFoundException","message":"File/Folder
        does not exist: /azure_test_dir/a [77c5c603-a11a-4f00-a582-8e4fd34d8a6d][2017-05-26T16:01:59.6416957-07:00]","javaClassName":"java.io.FileNotFoundException"}}'}
    headers:
      Cache-Control: ['no-cache, no-cache, no-store, max-age=0']
      Content-Length: ['237']
      Content-Type: [application/json; charset=utf-8]
      Date: ['Fri, 26 May 2017 23:01:59 GMT']
      Expires: ['-1']
      Pragma: [no-cache]
      Status: ['0x8309000A']
      Strict-Transport-Security: [max-age=15724800; includeSubDomains]
      X-Content-Type-Options: [nosniff]
      x-ms-request-id: [77c5c603-a11a-4f00-a582-8e4fd34d8a6d]
      x-ms-webhdfs-version: [16.12.19.00]
    status: {code: 404, message: Not Found}
- request:
    body: '000000000000000'
    headers:
      Accept: ['*/*']
      Accept-Encoding: ['gzip, deflate']
      Connection: [keep-alive]
      Content-Length: ['15']
      User-Agent: [python/3.5.2 (Windows-10-10.0.15063-SP0) azure.datalake.store.lib/0.0.10
          Azure-Data-Lake-Store-SDK-For-Python]
      x-ms-client-request-id: [52d2e9fa-4267-11e7-a638-645106422854]
    method: PUT
    uri: https://fakestore.azuredatalakestore.net/webhdfs/v1/azure_test_dir/a?OP=CREATE&api-version=2016-11-01&write=true&overwrite=true
  response:
    body: {string: ''}
    headers:
      Cache-Control: ['no-cache, no-cache, no-store, max-age=0']
      Content-Length: ['0']
      ContentLength: ['0']
      Date: ['Fri, 26 May 2017 23:01:59 GMT']
      Expires: ['-1']
      Location: ['https://fakestore.azuredatalakestore.net/webhdfs/v1/azure_test_dir/a?OP=CREATE&api-version=2016-11-01&write=true&overwrite=true']
      Pragma: [no-cache]
      Status: ['0x0']
      Strict-Transport-Security: [max-age=15724800; includeSubDomains]
      X-Content-Type-Options: [nosniff]
      x-ms-request-id: [dc3bc439-69c5-4264-8aee-7e04282c1c19]
      x-ms-webhdfs-version: [16.12.19.00]
    status: {code: 201, message: Created}
- request:
    body: null
    headers:
      Accept: ['*/*']
      Accept-Encoding: ['gzip, deflate']
      Connection: [keep-alive]
      User-Agent: [python/3.5.2 (Windows-10-10.0.15063-SP0) azure.datalake.store.lib/0.0.10
          Azure-Data-Lake-Store-SDK-For-Python]
      x-ms-client-request-id: [532cf7cc-4267-11e7-8c39-645106422854]
    method: GET
    uri: https://fakestore.azuredatalakestore.net/webhdfs/v1/azure_test_dir/a?OP=GETFILESTATUS&api-version=2016-11-01
  response:
    body: {string: '{"FileStatus":{"length":15,"pathSuffix":"","type":"FILE","blockSize":268435456,"accessTime":1495839720129,"modificationTime":1495839720163,"replication":1,"permission":"770","owner":"9a23860e-03b0-4bad-a8b7-e1d081d592bd","group":"2e6c02d2-a364-4530-9137-d17403996cbf","msExpirationTime":0,"aclBit":false}}'}
    headers:
      Cache-Control: ['no-cache, no-cache, no-store, max-age=0']
      Content-Length: ['305']
      Content-Type: [application/json; charset=utf-8]
      Date: ['Fri, 26 May 2017 23:01:59 GMT']
      Expires: ['-1']
      Pragma: [no-cache]
      Status: ['0x0']
      Strict-Transport-Security: [max-age=15724800; includeSubDomains]
      X-Content-Type-Options: [nosniff]
      x-ms-request-id: [08817ea7-d285-4d1f-b077-90200233997c]
      x-ms-webhdfs-version: [16.12.19.00]
    status: {code: 200, message: OK}
- request:
    body: null
    headers:
      Accept: ['*/*']
      Accept-Encoding: ['gzip, deflate']
      Connection: [keep-alive]
      User-Agent: [python/3.5.2 (Windows-10-10.0.15063-SP0) azure.datalake.store.lib/0.0.10
          Azure-Data-Lake-Store-SDK-For-Python]
      x-ms-client-request-id: [53409d88-4267-11e7-9725-645106422854]
    method: GET
    uri: https://fakestore.azuredatalakestore.net/webhdfs/v1/azure_test_dir/a?OP=GETFILESTATUS&api-version=2016-11-01
  response:
    body: {string: '{"FileStatus":{"length":15,"pathSuffix":"","type":"FILE","blockSize":268435456,"accessTime":1495839720129,"modificationTime":1495839720163,"replication":1,"permission":"770","owner":"9a23860e-03b0-4bad-a8b7-e1d081d592bd","group":"2e6c02d2-a364-4530-9137-d17403996cbf","msExpirationTime":0,"aclBit":false}}'}
    headers:
      Cache-Control: ['no-cache, no-cache, no-store, max-age=0']
      Content-Length: ['305']
      Content-Type: [application/json; charset=utf-8]
      Date: ['Fri, 26 May 2017 23:02:00 GMT']
      Expires: ['-1']
      Pragma: [no-cache]
      Status: ['0x0']
      Strict-Transport-Security: [max-age=15724800; includeSubDomains]
      X-Content-Type-Options: [nosniff]
      x-ms-request-id: [16d3ed0a-d098-498c-9eab-57affd98e711]
      x-ms-webhdfs-version: [16.12.19.00]
    status: {code: 200, message: OK}
- request:
    body: null
    headers:
      Accept: ['*/*']
      Accept-Encoding: ['gzip, deflate']
      Connection: [keep-alive]
      User-Agent: [python/3.5.2 (Windows-10-10.0.15063-SP0) azure.datalake.store.lib/0.0.10
          Azure-Data-Lake-Store-SDK-For-Python]
      x-ms-client-request-id: [537dc238-4267-11e7-b7a5-645106422854]
    method: GET
    uri: https://fakestore.azuredatalakestore.net/webhdfs/v1/azure_test_dir/a?OP=GETFILESTATUS&api-version=2016-11-01
  response:
    body: {string: '{"FileStatus":{"length":15,"pathSuffix":"","type":"FILE","blockSize":268435456,"accessTime":1495839720129,"modificationTime":1495839720163,"replication":1,"permission":"770","owner":"9a23860e-03b0-4bad-a8b7-e1d081d592bd","group":"2e6c02d2-a364-4530-9137-d17403996cbf","msExpirationTime":0,"aclBit":false}}'}
    headers:
      Cache-Control: ['no-cache, no-cache, no-store, max-age=0']
      Content-Length: ['305']
      Content-Type: [application/json; charset=utf-8]
      Date: ['Fri, 26 May 2017 23:02:00 GMT']
      Expires: ['-1']
      Pragma: [no-cache]
      Status: ['0x0']
      Strict-Transport-Security: [max-age=15724800; includeSubDomains]
      X-Content-Type-Options: [nosniff]
      x-ms-request-id: [5ad8f63d-5a1a-4086-98f5-0408d0ca8808]
      x-ms-webhdfs-version: [16.12.19.00]
    status: {code: 200, message: OK}
- request:
    body: blah
    headers:
      Accept: ['*/*']
      Accept-Encoding: ['gzip, deflate']
      Connection: [keep-alive]
      Content-Length: ['4']
      User-Agent: [python/3.5.2 (Windows-10-10.0.15063-SP0) azure.datalake.store.lib/0.0.10
          Azure-Data-Lake-Store-SDK-For-Python]
      x-ms-client-request-id: [53913f34-4267-11e7-8258-645106422854]
    method: POST
    uri: https://fakestore.azuredatalakestore.net/webhdfs/v1/azure_test_dir/a?OP=APPEND&api-version=2016-11-01&offset=5&append=true
  response:
    body: {string: '{"RemoteException":{"exception":"BadOffsetException","message":"APPEND
        failed with error 0x83090015 (Bad request. Invalid offset.). [376c44a8-b311-41c2-936f-9b29107ffbbc][2017-05-26T16:02:01.0323436-07:00]","javaClassName":"org.apache.hadoop.fs.adl.BadOffsetException"}}'}
    headers:
      Cache-Control: ['no-cache, no-cache, no-store, max-age=0']
      Content-Length: ['270']
      Content-Type: [application/json; charset=utf-8]
      Date: ['Fri, 26 May 2017 23:02:00 GMT']
      Expires: ['-1']
      Pragma: [no-cache]
      Status: ['0x83090015']
      Strict-Transport-Security: [max-age=15724800; includeSubDomains]
      X-Content-Type-Options: [nosniff]
      x-ms-request-id: [376c44a8-b311-41c2-936f-9b29107ffbbc]
      x-ms-webhdfs-version: [16.12.19.00]
    status: {code: 400, message: Bad Request}
version: 1
