interactions:
- request:
    body: '123

      456

      789'
    headers:
      Accept: ['*/*']
      Accept-Encoding: ['gzip, deflate']
      Connection: [keep-alive]
      Content-Length: ['11']
      User-Agent: [python-requests/2.11.1]
    method: PUT
    uri: https://fakestore.azuredatalakestore.net/webhdfs/v1//tmp/test/a?write=true&OP=CREATE&overwrite=true
  response:
    body: {string: ''}
    headers:
      Cache-Control: [no-cache]
      Content-Length: ['0']
      ContentLength: ['0']
      Date: ['Thu, 15 Sep 2016 21:31:37 GMT']
      Expires: ['-1']
      Location: ['https://fakestore.azuredatalakestore.net/webhdfs/v1/tmp/test/a?write=true&OP=CREATE&overwrite=true']
      Pragma: [no-cache]
      Server-Perf: ['[cf21fa21-2ec7-48e0-a3d2-4283e8c124e4][ AuthTime::0::PostAuthTime::0
          ][S-HdfsGetFileStatusV2 :: 00:00:007 ms]%0a[S-HdfsCheckAccess :: 00:00:003
          ms]%0a[S-FsDelete :: 00:00:006 ms]%0a[S-FsOpenStream :: 00:00:058 ms]%0a[S-FsAppendStream
          :: 00:00:266 ms]%0a[BufferingTime :: 00:00:000 ms]%0a[WriteTime :: 00:00:266
          ms]%0a[S-FsAppendStream :: 00:00:018 ms]%0a[S-FsCloseHandle :: 00:00:001
          ms]%0a[CREATE :: 00:00:362 ms]%0a']
      Status: ['0x0']
      Strict-Transport-Security: [max-age=15724800; includeSubDomains]
      X-Content-Type-Options: [nosniff]
      x-ms-request-id: [cf21fa21-2ec7-48e0-a3d2-4283e8c124e4]
      x-ms-webhdfs-version: [16.07.18.01]
    status: {code: 201, message: Created}
- request:
    body: null
    headers:
      Accept: ['*/*']
      Accept-Encoding: ['gzip, deflate']
      Connection: [keep-alive]
      User-Agent: [python-requests/2.11.1]
    method: GET
    uri: https://fakestore.azuredatalakestore.net/webhdfs/v1/tmp/test?OP=LISTSTATUS
  response:
    body: {string: '{"FileStatuses":{"FileStatus":[{"length":11,"pathSuffix":"a","type":"FILE","blockSize":268435456,"accessTime":1473975098306,"modificationTime":1473975098546,"replication":1,"permission":"770","owner":"49b2f9ec-818a-49ca-9424-249e1f19f7d7","group":"49b2f9ec-818a-49ca-9424-249e1f19f7d7"}]}}'}
    headers:
      Cache-Control: [no-cache]
      Content-Length: ['289']
      Content-Type: [application/json; charset=utf-8]
      Date: ['Thu, 15 Sep 2016 21:31:38 GMT']
      Expires: ['-1']
      Pragma: [no-cache]
      Server-Perf: ['[acedcf5a-a559-42fb-8dd4-1c644d2bbb17][ AuthTime::0::PostAuthTime::0
          ][S-HdfsListStatus :: 00:00:023 ms]%0a[LISTSTATUS :: 00:00:023 ms]%0a']
      Status: ['0x0']
      Strict-Transport-Security: [max-age=15724800; includeSubDomains]
      X-Content-Type-Options: [nosniff]
      x-ms-request-id: [acedcf5a-a559-42fb-8dd4-1c644d2bbb17]
      x-ms-webhdfs-version: [16.07.18.01]
    status: {code: 200, message: OK}
- request:
    body: null
    headers:
      Accept: ['*/*']
      Accept-Encoding: ['gzip, deflate']
      Connection: [keep-alive]
      User-Agent: [python-requests/2.11.1]
    method: GET
    uri: https://fakestore.azuredatalakestore.net/webhdfs/v1//tmp/test/a?length=10&OP=OPEN&offset=1&read=true
  response:
    body: {string: '23

        456

        789'}
    headers:
      Cache-Control: [no-cache]
      Content-Type: [application/octet-stream]
      Date: ['Thu, 15 Sep 2016 21:31:38 GMT']
      Expires: ['-1']
      Pragma: [no-cache]
      Server-Perf: ['[10bafc35-9606-462b-abce-982790c086d1][ AuthTime::0::PostAuthTime::0
          ][S-FsOpenStream :: 00:00:013 ms]%0a[S-FsReadStream :: 00:00:014 ms]%0a[OPEN
          :: 00:00:028 ms]%0a']
      Status: ['0x0']
      Strict-Transport-Security: [max-age=15724800; includeSubDomains]
      Transfer-Encoding: [chunked]
      X-Content-Type-Options: [nosniff]
      x-ms-request-id: [10bafc35-9606-462b-abce-982790c086d1]
      x-ms-webhdfs-version: [16.07.18.01]
    status: {code: 200, message: OK}
- request:
    body: null
    headers:
      Accept: ['*/*']
      Accept-Encoding: ['gzip, deflate']
      Connection: [keep-alive]
      User-Agent: [python-requests/2.11.1]
    method: GET
    uri: https://fakestore.azuredatalakestore.net/webhdfs/v1//tmp/test/a?length=10&OP=OPEN&offset=1&read=true
  response:
    body: {string: '23

        456

        789'}
    headers:
      Cache-Control: [no-cache]
      Content-Type: [application/octet-stream]
      Date: ['Thu, 15 Sep 2016 21:31:39 GMT']
      Expires: ['-1']
      Pragma: [no-cache]
      Server-Perf: ['[336de970-359b-4879-8679-277d35dba6ea][ AuthTime::0::PostAuthTime::0
          ][S-FsOpenStream :: 00:00:013 ms]%0a[S-FsReadStream :: 00:00:013 ms]%0a[OPEN
          :: 00:00:026 ms]%0a']
      Status: ['0x0']
      Strict-Transport-Security: [max-age=15724800; includeSubDomains]
      Transfer-Encoding: [chunked]
      X-Content-Type-Options: [nosniff]
      x-ms-request-id: [336de970-359b-4879-8679-277d35dba6ea]
      x-ms-webhdfs-version: [16.07.18.01]
    status: {code: 200, message: OK}
- request:
    body: null
    headers:
      Accept: ['*/*']
      Accept-Encoding: ['gzip, deflate']
      Connection: [keep-alive]
      User-Agent: [python-requests/2.11.1]
    method: GET
    uri: https://fakestore.azuredatalakestore.net/webhdfs/v1//tmp/test/a?length=1&OP=OPEN&offset=0&read=true
  response:
    body: {string: '1'}
    headers:
      Cache-Control: [no-cache]
      Content-Type: [application/octet-stream]
      Date: ['Thu, 15 Sep 2016 21:31:39 GMT']
      Expires: ['-1']
      Pragma: [no-cache]
      Server-Perf: ['[2f043d0e-87d5-4261-8156-ab275e850afa][ AuthTime::0::PostAuthTime::0
          ][S-FsOpenStream :: 00:00:013 ms]%0a[S-FsReadStream :: 00:00:014 ms]%0a[OPEN
          :: 00:00:028 ms]%0a']
      Status: ['0x0']
      Strict-Transport-Security: [max-age=15724800; includeSubDomains]
      Transfer-Encoding: [chunked]
      X-Content-Type-Options: [nosniff]
      x-ms-request-id: [2f043d0e-87d5-4261-8156-ab275e850afa]
      x-ms-webhdfs-version: [16.07.18.01]
    status: {code: 200, message: OK}
- request:
    body: null
    headers:
      Accept: ['*/*']
      Accept-Encoding: ['gzip, deflate']
      Connection: [keep-alive]
      User-Agent: [python-requests/2.11.1]
    method: GET
    uri: https://fakestore.azuredatalakestore.net/webhdfs/v1//tmp/test/a?length=9&OP=OPEN&offset=2&read=true
  response:
    body: {string: '3

        456

        789'}
    headers:
      Cache-Control: [no-cache]
      Content-Type: [application/octet-stream]
      Date: ['Thu, 15 Sep 2016 21:31:39 GMT']
      Expires: ['-1']
      Pragma: [no-cache]
      Server-Perf: ['[14924af3-67cb-447d-8bea-04276bac959f][ AuthTime::0::PostAuthTime::0
          ][S-FsOpenStream :: 00:00:018 ms]%0a[S-FsReadStream :: 00:00:196 ms]%0a[OPEN
          :: 00:00:215 ms]%0a']
      Status: ['0x0']
      Strict-Transport-Security: [max-age=15724800; includeSubDomains]
      Transfer-Encoding: [chunked]
      X-Content-Type-Options: [nosniff]
      x-ms-request-id: [14924af3-67cb-447d-8bea-04276bac959f]
      x-ms-webhdfs-version: [16.07.18.01]
    status: {code: 200, message: OK}
- request:
    body: null
    headers:
      Accept: ['*/*']
      Accept-Encoding: ['gzip, deflate']
      Connection: [keep-alive]
      User-Agent: [python-requests/2.11.1]
    method: GET
    uri: https://fakestore.azuredatalakestore.net/webhdfs/v1//tmp/test/a?length=2&OP=OPEN&offset=0&read=true
  response:
    body: {string: '12'}
    headers:
      Cache-Control: [no-cache]
      Content-Type: [application/octet-stream]
      Date: ['Thu, 15 Sep 2016 21:31:39 GMT']
      Expires: ['-1']
      Pragma: [no-cache]
      Server-Perf: ['[1962e1f5-543f-4c40-a660-2a5cac85d61f][ AuthTime::0::PostAuthTime::0
          ][S-FsOpenStream :: 00:00:014 ms]%0a[S-FsReadStream :: 00:00:013 ms]%0a[OPEN
          :: 00:00:028 ms]%0a']
      Status: ['0x0']
      Strict-Transport-Security: [max-age=15724800; includeSubDomains]
      Transfer-Encoding: [chunked]
      X-Content-Type-Options: [nosniff]
      x-ms-request-id: [1962e1f5-543f-4c40-a660-2a5cac85d61f]
      x-ms-webhdfs-version: [16.07.18.01]
    status: {code: 200, message: OK}
- request:
    body: null
    headers:
      Accept: ['*/*']
      Accept-Encoding: ['gzip, deflate']
      Connection: [keep-alive]
      User-Agent: [python-requests/2.11.1]
    method: GET
    uri: https://fakestore.azuredatalakestore.net/webhdfs/v1//tmp/test/a?length=8&OP=OPEN&offset=3&read=true
  response:
    body: {string: '

        456

        789'}
    headers:
      Cache-Control: [no-cache]
      Content-Type: [application/octet-stream]
      Date: ['Thu, 15 Sep 2016 21:31:40 GMT']
      Expires: ['-1']
      Pragma: [no-cache]
      Server-Perf: ['[fa50f2b0-da46-4dcc-997a-ad3768f4a0c2][ AuthTime::0::PostAuthTime::0
          ][S-FsOpenStream :: 00:00:014 ms]%0a[S-FsReadStream :: 00:00:017 ms]%0a[OPEN
          :: 00:00:032 ms]%0a']
      Status: ['0x0']
      Strict-Transport-Security: [max-age=15724800; includeSubDomains]
      Transfer-Encoding: [chunked]
      X-Content-Type-Options: [nosniff]
      x-ms-request-id: [fa50f2b0-da46-4dcc-997a-ad3768f4a0c2]
      x-ms-webhdfs-version: [16.07.18.01]
    status: {code: 200, message: OK}
- request:
    body: null
    headers:
      Accept: ['*/*']
      Accept-Encoding: ['gzip, deflate']
      Connection: [keep-alive]
      User-Agent: [python-requests/2.11.1]
    method: GET
    uri: https://fakestore.azuredatalakestore.net/webhdfs/v1//tmp/test/a?length=3&OP=OPEN&offset=0&read=true
  response:
    body: {string: '123'}
    headers:
      Cache-Control: [no-cache]
      Content-Type: [application/octet-stream]
      Date: ['Thu, 15 Sep 2016 21:31:40 GMT']
      Expires: ['-1']
      Pragma: [no-cache]
      Server-Perf: ['[19499aed-b7a0-415f-b06e-0b1546081590][ AuthTime::0::PostAuthTime::0
          ][S-FsOpenStream :: 00:00:013 ms]%0a[S-FsReadStream :: 00:00:013 ms]%0a[OPEN
          :: 00:00:027 ms]%0a']
      Status: ['0x0']
      Strict-Transport-Security: [max-age=15724800; includeSubDomains]
      Transfer-Encoding: [chunked]
      X-Content-Type-Options: [nosniff]
      x-ms-request-id: [19499aed-b7a0-415f-b06e-0b1546081590]
      x-ms-webhdfs-version: [16.07.18.01]
    status: {code: 200, message: OK}
- request:
    body: null
    headers:
      Accept: ['*/*']
      Accept-Encoding: ['gzip, deflate']
      Connection: [keep-alive]
      User-Agent: [python-requests/2.11.1]
    method: GET
    uri: https://fakestore.azuredatalakestore.net/webhdfs/v1//tmp/test/a?length=6&OP=OPEN&offset=5&read=true
  response:
    body: {string: '56

        789'}
    headers:
      Cache-Control: [no-cache]
      Content-Type: [application/octet-stream]
      Date: ['Thu, 15 Sep 2016 21:31:41 GMT']
      Expires: ['-1']
      Pragma: [no-cache]
      Server-Perf: ['[1c92ee2d-291e-4bdc-8d5f-d783779fd8f5][ AuthTime::0::PostAuthTime::0
          ][S-FsOpenStream :: 00:00:013 ms]%0a[S-FsReadStream :: 00:00:013 ms]%0a[OPEN
          :: 00:00:027 ms]%0a']
      Status: ['0x0']
      Strict-Transport-Security: [max-age=15724800; includeSubDomains]
      Transfer-Encoding: [chunked]
      X-Content-Type-Options: [nosniff]
      x-ms-request-id: [1c92ee2d-291e-4bdc-8d5f-d783779fd8f5]
      x-ms-webhdfs-version: [16.07.18.01]
    status: {code: 200, message: OK}
- request:
    body: null
    headers:
      Accept: ['*/*']
      Accept-Encoding: ['gzip, deflate']
      Connection: [keep-alive]
      User-Agent: [python-requests/2.11.1]
    method: GET
    uri: https://fakestore.azuredatalakestore.net/webhdfs/v1//tmp/test/a?length=5&OP=OPEN&offset=0&read=true
  response:
    body: {string: '123

        4'}
    headers:
      Cache-Control: [no-cache]
      Content-Type: [application/octet-stream]
      Date: ['Thu, 15 Sep 2016 21:31:41 GMT']
      Expires: ['-1']
      Pragma: [no-cache]
      Server-Perf: ['[0e9c3bc9-a55b-40c4-8ae7-2811d3740dbe][ AuthTime::0::PostAuthTime::0
          ][S-FsOpenStream :: 00:00:013 ms]%0a[S-FsReadStream :: 00:00:013 ms]%0a[OPEN
          :: 00:00:027 ms]%0a']
      Status: ['0x0']
      Strict-Transport-Security: [max-age=15724800; includeSubDomains]
      Transfer-Encoding: [chunked]
      X-Content-Type-Options: [nosniff]
      x-ms-request-id: [0e9c3bc9-a55b-40c4-8ae7-2811d3740dbe]
      x-ms-webhdfs-version: [16.07.18.01]
    status: {code: 200, message: OK}
- request:
    body: null
    headers:
      Accept: ['*/*']
      Accept-Encoding: ['gzip, deflate']
      Connection: [keep-alive]
      User-Agent: [python-requests/2.11.1]
    method: GET
    uri: https://fakestore.azuredatalakestore.net/webhdfs/v1//tmp/test/a?length=3&OP=OPEN&offset=8&read=true
  response:
    body: {string: '789'}
    headers:
      Cache-Control: [no-cache]
      Content-Type: [application/octet-stream]
      Date: ['Thu, 15 Sep 2016 21:31:41 GMT']
      Expires: ['-1']
      Pragma: [no-cache]
      Server-Perf: ['[a629389b-507c-440d-b77c-16c55e632deb][ AuthTime::0::PostAuthTime::0
          ][S-FsOpenStream :: 00:00:014 ms]%0a[S-FsReadStream :: 00:00:012 ms]%0a[OPEN
          :: 00:00:027 ms]%0a']
      Status: ['0x0']
      Strict-Transport-Security: [max-age=15724800; includeSubDomains]
      Transfer-Encoding: [chunked]
      X-Content-Type-Options: [nosniff]
      x-ms-request-id: [a629389b-507c-440d-b77c-16c55e632deb]
      x-ms-webhdfs-version: [16.07.18.01]
    status: {code: 200, message: OK}
- request:
    body: null
    headers:
      Accept: ['*/*']
      Accept-Encoding: ['gzip, deflate']
      Connection: [keep-alive]
      User-Agent: [python-requests/2.11.1]
    method: GET
    uri: https://fakestore.azuredatalakestore.net/webhdfs/v1//tmp/test/a?length=8&OP=OPEN&offset=0&read=true
  response:
    body: {string: '123

        456

'}
    headers:
      Cache-Control: [no-cache]
      Content-Type: [application/octet-stream]
      Date: ['Thu, 15 Sep 2016 21:31:42 GMT']
      Expires: ['-1']
      Pragma: [no-cache]
      Server-Perf: ['[bf57b48b-b8f2-45c5-a048-692e843e2785][ AuthTime::0::PostAuthTime::0
          ][S-FsOpenStream :: 00:00:013 ms]%0a[S-FsReadStream :: 00:00:014 ms]%0a[OPEN
          :: 00:00:028 ms]%0a']
      Status: ['0x0']
      Strict-Transport-Security: [max-age=15724800; includeSubDomains]
      Transfer-Encoding: [chunked]
      X-Content-Type-Options: [nosniff]
      x-ms-request-id: [bf57b48b-b8f2-45c5-a048-692e843e2785]
      x-ms-webhdfs-version: [16.07.18.01]
    status: {code: 200, message: OK}
- request:
    body: null
    headers:
      Accept: ['*/*']
      Accept-Encoding: ['gzip, deflate']
      Connection: [keep-alive]
      User-Agent: [python-requests/2.11.1]
    method: GET
    uri: https://fakestore.azuredatalakestore.net/webhdfs/v1//tmp/test/a?length=11&OP=OPEN&offset=0&read=true
  response:
    body: {string: '123

        456

        789'}
    headers:
      Cache-Control: [no-cache]
      Content-Type: [application/octet-stream]
      Date: ['Thu, 15 Sep 2016 21:31:42 GMT']
      Expires: ['-1']
      Pragma: [no-cache]
      Server-Perf: ['[11206f07-9fd4-4df5-b1c5-51f1e7cd2eb4][ AuthTime::0::PostAuthTime::0
          ][S-FsOpenStream :: 00:00:014 ms]%0a[S-FsReadStream :: 00:00:013 ms]%0a[OPEN
          :: 00:00:027 ms]%0a']
      Status: ['0x0']
      Strict-Transport-Security: [max-age=15724800; includeSubDomains]
      Transfer-Encoding: [chunked]
      X-Content-Type-Options: [nosniff]
      x-ms-request-id: [11206f07-9fd4-4df5-b1c5-51f1e7cd2eb4]
      x-ms-webhdfs-version: [16.07.18.01]
    status: {code: 200, message: OK}
- request:
    body: null
    headers:
      Accept: ['*/*']
      Accept-Encoding: ['gzip, deflate']
      Connection: [keep-alive]
      User-Agent: [python-requests/2.11.1]
    method: GET
    uri: https://fakestore.azuredatalakestore.net/webhdfs/v1//tmp/test/a?length=10&OP=OPEN&offset=1&read=true
  response:
    body: {string: '23

        456

        789'}
    headers:
      Cache-Control: [no-cache]
      Content-Type: [application/octet-stream]
      Date: ['Thu, 15 Sep 2016 21:31:42 GMT']
      Expires: ['-1']
      Pragma: [no-cache]
      Server-Perf: ['[6be219a1-efc9-4ca1-9642-cf8a9954564e][ AuthTime::0::PostAuthTime::0
          ][S-FsOpenStream :: 00:00:017 ms]%0a[S-FsReadStream :: 00:00:012 ms]%0a[OPEN
          :: 00:00:029 ms]%0a']
      Status: ['0x0']
      Strict-Transport-Security: [max-age=15724800; includeSubDomains]
      Transfer-Encoding: [chunked]
      X-Content-Type-Options: [nosniff]
      x-ms-request-id: [6be219a1-efc9-4ca1-9642-cf8a9954564e]
      x-ms-webhdfs-version: [16.07.18.01]
    status: {code: 200, message: OK}
- request:
    body: null
    headers:
      Accept: ['*/*']
      Accept-Encoding: ['gzip, deflate']
      Connection: [keep-alive]
      User-Agent: [python-requests/2.11.1]
    method: GET
    uri: https://fakestore.azuredatalakestore.net/webhdfs/v1//tmp/test/a?length=10&OP=OPEN&offset=1&read=true
  response:
    body: {string: '23

        456

        789'}
    headers:
      Cache-Control: [no-cache]
      Content-Type: [application/octet-stream]
      Date: ['Thu, 15 Sep 2016 21:31:42 GMT']
      Expires: ['-1']
      Pragma: [no-cache]
      Server-Perf: ['[3ee39de5-8a64-46a2-8328-226d99660e0a][ AuthTime::0::PostAuthTime::0
          ][S-FsOpenStream :: 00:00:013 ms]%0a[S-FsReadStream :: 00:00:013 ms]%0a[OPEN
          :: 00:00:026 ms]%0a']
      Status: ['0x0']
      Strict-Transport-Security: [max-age=15724800; includeSubDomains]
      Transfer-Encoding: [chunked]
      X-Content-Type-Options: [nosniff]
      x-ms-request-id: [3ee39de5-8a64-46a2-8328-226d99660e0a]
      x-ms-webhdfs-version: [16.07.18.01]
    status: {code: 200, message: OK}
- request:
    body: null
    headers:
      Accept: ['*/*']
      Accept-Encoding: ['gzip, deflate']
      Connection: [keep-alive]
      User-Agent: [python-requests/2.11.1]
    method: GET
    uri: https://fakestore.azuredatalakestore.net/webhdfs/v1//tmp/test/a?length=10&OP=OPEN&offset=1&read=true
  response:
    body: {string: '23

        456

        789'}
    headers:
      Cache-Control: [no-cache]
      Content-Type: [application/octet-stream]
      Date: ['Thu, 15 Sep 2016 21:31:42 GMT']
      Expires: ['-1']
      Pragma: [no-cache]
      Server-Perf: ['[c0a371b6-bbdf-4a3c-8a39-6df0b98a925c][ AuthTime::0::PostAuthTime::0
          ][S-FsOpenStream :: 00:00:013 ms]%0a[S-FsReadStream :: 00:00:013 ms]%0a[OPEN
          :: 00:00:027 ms]%0a']
      Status: ['0x0']
      Strict-Transport-Security: [max-age=15724800; includeSubDomains]
      Transfer-Encoding: [chunked]
      X-Content-Type-Options: [nosniff]
      x-ms-request-id: [c0a371b6-bbdf-4a3c-8a39-6df0b98a925c]
      x-ms-webhdfs-version: [16.07.18.01]
    status: {code: 200, message: OK}
- request:
    body: null
    headers:
      Accept: ['*/*']
      Accept-Encoding: ['gzip, deflate']
      Connection: [keep-alive]
      User-Agent: [python-requests/2.11.1]
    method: GET
    uri: https://fakestore.azuredatalakestore.net/webhdfs/v1//tmp/test/a?length=8&OP=OPEN&offset=3&read=true
  response:
    body: {string: '

        456

        789'}
    headers:
      Cache-Control: [no-cache]
      Content-Type: [application/octet-stream]
      Date: ['Thu, 15 Sep 2016 21:31:42 GMT']
      Expires: ['-1']
      Pragma: [no-cache]
      Server-Perf: ['[0e503651-0a54-4bc6-88b2-4be2c33b7eda][ AuthTime::0::PostAuthTime::0
          ][S-FsOpenStream :: 00:00:012 ms]%0a[S-FsReadStream :: 00:00:012 ms]%0a[OPEN
          :: 00:00:025 ms]%0a']
      Status: ['0x0']
      Strict-Transport-Security: [max-age=15724800; includeSubDomains]
      Transfer-Encoding: [chunked]
      X-Content-Type-Options: [nosniff]
      x-ms-request-id: [0e503651-0a54-4bc6-88b2-4be2c33b7eda]
      x-ms-webhdfs-version: [16.07.18.01]
    status: {code: 200, message: OK}
- request:
    body: null
    headers:
      Accept: ['*/*']
      Accept-Encoding: ['gzip, deflate']
      Connection: [keep-alive]
      User-Agent: [python-requests/2.11.1]
    method: GET
    uri: https://fakestore.azuredatalakestore.net/webhdfs/v1//tmp/test/a?length=3&OP=OPEN&offset=0&read=true
  response:
    body: {string: '123'}
    headers:
      Cache-Control: [no-cache]
      Content-Type: [application/octet-stream]
      Date: ['Thu, 15 Sep 2016 21:31:42 GMT']
      Expires: ['-1']
      Pragma: [no-cache]
      Server-Perf: ['[c7b4ea53-24f5-461e-828c-db5903426077][ AuthTime::0::PostAuthTime::0
          ][S-FsOpenStream :: 00:00:013 ms]%0a[S-FsReadStream :: 00:00:012 ms]%0a[OPEN
          :: 00:00:026 ms]%0a']
      Status: ['0x0']
      Strict-Transport-Security: [max-age=15724800; includeSubDomains]
      Transfer-Encoding: [chunked]
      X-Content-Type-Options: [nosniff]
      x-ms-request-id: [c7b4ea53-24f5-461e-828c-db5903426077]
      x-ms-webhdfs-version: [16.07.18.01]
    status: {code: 200, message: OK}
- request:
    body: null
    headers:
      Accept: ['*/*']
      Accept-Encoding: ['gzip, deflate']
      Connection: [keep-alive]
      User-Agent: [python-requests/2.11.1]
    method: GET
    uri: https://fakestore.azuredatalakestore.net/webhdfs/v1//tmp/test/a?length=8&OP=OPEN&offset=3&read=true
  response:
    body: {string: '

        456

        789'}
    headers:
      Cache-Control: [no-cache]
      Content-Type: [application/octet-stream]
      Date: ['Thu, 15 Sep 2016 21:31:43 GMT']
      Expires: ['-1']
      Pragma: [no-cache]
      Server-Perf: ['[f0b27918-c764-4a64-9051-b76c0c46387c][ AuthTime::0::PostAuthTime::0
          ][S-FsOpenStream :: 00:00:013 ms]%0a[S-FsReadStream :: 00:00:013 ms]%0a[OPEN
          :: 00:00:028 ms]%0a']
      Status: ['0x0']
      Strict-Transport-Security: [max-age=15724800; includeSubDomains]
      Transfer-Encoding: [chunked]
      X-Content-Type-Options: [nosniff]
      x-ms-request-id: [f0b27918-c764-4a64-9051-b76c0c46387c]
      x-ms-webhdfs-version: [16.07.18.01]
    status: {code: 200, message: OK}
- request:
    body: null
    headers:
      Accept: ['*/*']
      Accept-Encoding: ['gzip, deflate']
      Connection: [keep-alive]
      User-Agent: [python-requests/2.11.1]
    method: GET
    uri: https://fakestore.azuredatalakestore.net/webhdfs/v1//tmp/test/a?length=5&OP=OPEN&offset=6&read=true
  response:
    body: {string: '6

        789'}
    headers:
      Cache-Control: [no-cache]
      Content-Type: [application/octet-stream]
      Date: ['Thu, 15 Sep 2016 21:31:43 GMT']
      Expires: ['-1']
      Pragma: [no-cache]
      Server-Perf: ['[8c45568b-376a-4859-ab69-0f2c26254774][ AuthTime::0::PostAuthTime::0
          ][S-FsOpenStream :: 00:00:014 ms]%0a[S-FsReadStream :: 00:00:012 ms]%0a[OPEN
          :: 00:00:027 ms]%0a']
      Status: ['0x0']
      Strict-Transport-Security: [max-age=15724800; includeSubDomains]
      Transfer-Encoding: [chunked]
      X-Content-Type-Options: [nosniff]
      x-ms-request-id: [8c45568b-376a-4859-ab69-0f2c26254774]
      x-ms-webhdfs-version: [16.07.18.01]
    status: {code: 200, message: OK}
- request:
    body: null
    headers:
      Accept: ['*/*']
      Accept-Encoding: ['gzip, deflate']
      Connection: [keep-alive]
      User-Agent: [python-requests/2.11.1]
    method: GET
    uri: https://fakestore.azuredatalakestore.net/webhdfs/v1//tmp/test/a?length=2&OP=OPEN&offset=9&read=true
  response:
    body: {string: '89'}
    headers:
      Cache-Control: [no-cache]
      Content-Type: [application/octet-stream]
      Date: ['Thu, 15 Sep 2016 21:31:43 GMT']
      Expires: ['-1']
      Pragma: [no-cache]
      Server-Perf: ['[5fb2d277-8b62-4351-808c-4ad416dab468][ AuthTime::0::PostAuthTime::0
          ][S-FsOpenStream :: 00:00:012 ms]%0a[S-FsReadStream :: 00:00:017 ms]%0a[OPEN
          :: 00:00:030 ms]%0a']
      Status: ['0x0']
      Strict-Transport-Security: [max-age=15724800; includeSubDomains]
      Transfer-Encoding: [chunked]
      X-Content-Type-Options: [nosniff]
      x-ms-request-id: [5fb2d277-8b62-4351-808c-4ad416dab468]
      x-ms-webhdfs-version: [16.07.18.01]
    status: {code: 200, message: OK}
- request:
    body: null
    headers:
      Accept: ['*/*']
      Accept-Encoding: ['gzip, deflate']
      Connection: [keep-alive]
      User-Agent: [python-requests/2.11.1]
    method: GET
    uri: https://fakestore.azuredatalakestore.net/webhdfs/v1//tmp/test/a?length=7&OP=OPEN&offset=4&read=true
  response:
    body: {string: '456

        789'}
    headers:
      Cache-Control: [no-cache]
      Content-Type: [application/octet-stream]
      Date: ['Thu, 15 Sep 2016 21:31:44 GMT']
      Expires: ['-1']
      Pragma: [no-cache]
      Server-Perf: ['[e033949c-a66b-40d7-ad67-b202c29a9726][ AuthTime::0::PostAuthTime::0
          ][S-FsOpenStream :: 00:00:013 ms]%0a[S-FsReadStream :: 00:00:015 ms]%0a[OPEN
          :: 00:00:029 ms]%0a']
      Status: ['0x0']
      Strict-Transport-Security: [max-age=15724800; includeSubDomains]
      Transfer-Encoding: [chunked]
      X-Content-Type-Options: [nosniff]
      x-ms-request-id: [e033949c-a66b-40d7-ad67-b202c29a9726]
      x-ms-webhdfs-version: [16.07.18.01]
    status: {code: 200, message: OK}
- request:
    body: null
    headers:
      Accept: ['*/*']
      Accept-Encoding: ['gzip, deflate']
      Connection: [keep-alive]
      User-Agent: [python-requests/2.11.1]
    method: GET
    uri: https://fakestore.azuredatalakestore.net/webhdfs/v1//tmp/test/a?length=4&OP=OPEN&offset=0&read=true
  response:
    body: {string: '123

'}
    headers:
      Cache-Control: [no-cache]
      Content-Type: [application/octet-stream]
      Date: ['Thu, 15 Sep 2016 21:31:44 GMT']
      Expires: ['-1']
      Pragma: [no-cache]
      Server-Perf: ['[31fe3684-efe2-4cd3-8415-bdb8a40fe3b0][ AuthTime::0::PostAuthTime::0
          ][S-FsOpenStream :: 00:00:013 ms]%0a[S-FsReadStream :: 00:00:012 ms]%0a[OPEN
          :: 00:00:026 ms]%0a']
      Status: ['0x0']
      Strict-Transport-Security: [max-age=15724800; includeSubDomains]
      Transfer-Encoding: [chunked]
      X-Content-Type-Options: [nosniff]
      x-ms-request-id: [31fe3684-efe2-4cd3-8415-bdb8a40fe3b0]
      x-ms-webhdfs-version: [16.07.18.01]
    status: {code: 200, message: OK}
- request:
    body: null
    headers:
      Accept: ['*/*']
      Accept-Encoding: ['gzip, deflate']
      Connection: [keep-alive]
      User-Agent: [python-requests/2.11.1]
    method: GET
    uri: https://fakestore.azuredatalakestore.net/webhdfs/v1//tmp/test/a?length=7&OP=OPEN&offset=4&read=true
  response:
    body: {string: '456

        789'}
    headers:
      Cache-Control: [no-cache]
      Content-Type: [application/octet-stream]
      Date: ['Thu, 15 Sep 2016 21:31:44 GMT']
      Expires: ['-1']
      Pragma: [no-cache]
      Server-Perf: ['[24517561-e944-4c58-ba86-78a716ed8f89][ AuthTime::0::PostAuthTime::0
          ][S-FsOpenStream :: 00:00:013 ms]%0a[S-FsReadStream :: 00:00:013 ms]%0a[OPEN
          :: 00:00:027 ms]%0a']
      Status: ['0x0']
      Strict-Transport-Security: [max-age=15724800; includeSubDomains]
      Transfer-Encoding: [chunked]
      X-Content-Type-Options: [nosniff]
      x-ms-request-id: [24517561-e944-4c58-ba86-78a716ed8f89]
      x-ms-webhdfs-version: [16.07.18.01]
    status: {code: 200, message: OK}
- request:
    body: null
    headers:
      Accept: ['*/*']
      Accept-Encoding: ['gzip, deflate']
      Connection: [keep-alive]
      User-Agent: [python-requests/2.11.1]
    method: GET
    uri: https://fakestore.azuredatalakestore.net/webhdfs/v1//tmp/test/a?length=3&OP=OPEN&offset=8&read=true
  response:
    body: {string: '789'}
    headers:
      Cache-Control: [no-cache]
      Content-Type: [application/octet-stream]
      Date: ['Thu, 15 Sep 2016 21:31:44 GMT']
      Expires: ['-1']
      Pragma: [no-cache]
      Server-Perf: ['[82f0e983-698e-4824-8f60-2438a7a757c8][ AuthTime::0::PostAuthTime::0
          ][S-FsOpenStream :: 00:00:014 ms]%0a[S-FsReadStream :: 00:00:012 ms]%0a[OPEN
          :: 00:00:027 ms]%0a']
      Status: ['0x0']
      Strict-Transport-Security: [max-age=15724800; includeSubDomains]
      Transfer-Encoding: [chunked]
      X-Content-Type-Options: [nosniff]
      x-ms-request-id: [82f0e983-698e-4824-8f60-2438a7a757c8]
      x-ms-webhdfs-version: [16.07.18.01]
    status: {code: 200, message: OK}
- request:
    body: null
    headers:
      Accept: ['*/*']
      Accept-Encoding: ['gzip, deflate']
      Connection: [keep-alive]
      User-Agent: [python-requests/2.11.1]
    method: GET
    uri: https://fakestore.azuredatalakestore.net/webhdfs/v1/azure_test_dir?OP=LISTSTATUS
  response:
    body: {string: '{"FileStatuses":{"FileStatus":[]}}'}
    headers:
      Cache-Control: [no-cache]
      Content-Length: ['34']
      Content-Type: [application/json; charset=utf-8]
      Date: ['Thu, 15 Sep 2016 21:31:44 GMT']
      Expires: ['-1']
      Pragma: [no-cache]
      Server-Perf: ['[8690c050-ba1f-48e0-8456-311a745b2248][ AuthTime::0::PostAuthTime::0
          ][S-HdfsListStatus :: 00:00:006 ms]%0a[LISTSTATUS :: 00:00:007 ms]%0a']
      Status: ['0x0']
      Strict-Transport-Security: [max-age=15724800; includeSubDomains]
      X-Content-Type-Options: [nosniff]
      x-ms-request-id: [8690c050-ba1f-48e0-8456-311a745b2248]
      x-ms-webhdfs-version: [16.07.18.01]
    status: {code: 200, message: OK}
- request:
    body: null
    headers:
      Accept: ['*/*']
      Accept-Encoding: ['gzip, deflate']
      Connection: [keep-alive]
      User-Agent: [python-requests/2.11.1]
    method: GET
    uri: https://fakestore.azuredatalakestore.net/webhdfs/v1/.?OP=LISTSTATUS
  response:
    body: {string: '{"FileStatuses":{"FileStatus":[{"length":570438720,"pathSuffix":"CGPS-CO.fits","type":"FILE","blockSize":268435456,"accessTime":1473692371890,"modificationTime":1473692372109,"replication":1,"permission":"770","owner":"49b2f9ec-818a-49ca-9424-249e1f19f7d7","group":"49b2f9ec-818a-49ca-9424-249e1f19f7d7"},{"length":0,"pathSuffix":"a","type":"DIRECTORY","blockSize":0,"accessTime":1471639845701,"modificationTime":1471639848993,"replication":0,"permission":"770","owner":"49b2f9ec-818a-49ca-9424-249e1f19f7d7","group":"49b2f9ec-818a-49ca-9424-249e1f19f7d7"},{"length":0,"pathSuffix":"azure_test_dir","type":"DIRECTORY","blockSize":0,"accessTime":1471873455266,"modificationTime":1473975097871,"replication":0,"permission":"770","owner":"49b2f9ec-818a-49ca-9424-249e1f19f7d7","group":"49b2f9ec-818a-49ca-9424-249e1f19f7d7"},{"length":0,"pathSuffix":"begoldsm","type":"DIRECTORY","blockSize":0,"accessTime":1472597222084,"modificationTime":1472761508818,"replication":0,"permission":"770","owner":"49b2f9ec-818a-49ca-9424-249e1f19f7d7","group":"49b2f9ec-818a-49ca-9424-249e1f19f7d7"},{"length":0,"pathSuffix":"bigfile","type":"FILE","blockSize":268435456,"accessTime":1472760715031,"modificationTime":1472760715031,"replication":1,"permission":"770","owner":"49b2f9ec-818a-49ca-9424-249e1f19f7d7","group":"49b2f9ec-818a-49ca-9424-249e1f19f7d7"},{"length":81840585,"pathSuffix":"gdelt20150827.csv","type":"FILE","blockSize":268435456,"accessTime":1469485983963,"modificationTime":1469485984240,"replication":1,"permission":"770","owner":"49b2f9ec-818a-49ca-9424-249e1f19f7d7","group":"49b2f9ec-818a-49ca-9424-249e1f19f7d7"},{"length":0,"pathSuffix":"joe","type":"DIRECTORY","blockSize":0,"accessTime":1472852370428,"modificationTime":1472852370428,"replication":0,"permission":"770","owner":"49b2f9ec-818a-49ca-9424-249e1f19f7d7","group":"49b2f9ec-818a-49ca-9424-249e1f19f7d7"},{"length":0,"pathSuffix":"joseph","type":"DIRECTORY","blockSize":0,"accessTime":1472608724061,"modificationTime":1473892646641,"replication":0,"permission":"770","owner":"49b2f9ec-818a-49ca-9424-249e1f19f7d7","group":"49b2f9ec-818a-49ca-9424-249e1f19f7d7"},{"length":6,"pathSuffix":"littlefile","type":"FILE","blockSize":268435456,"accessTime":1473883660395,"modificationTime":1473883660506,"replication":1,"permission":"770","owner":"49b2f9ec-818a-49ca-9424-249e1f19f7d7","group":"49b2f9ec-818a-49ca-9424-249e1f19f7d7"},{"length":0,"pathSuffix":"random2.csv","type":"FILE","blockSize":268435456,"accessTime":1473740396705,"modificationTime":1473740396705,"replication":1,"permission":"770","owner":"49b2f9ec-818a-49ca-9424-249e1f19f7d7","group":"49b2f9ec-818a-49ca-9424-249e1f19f7d7"},{"length":35,"pathSuffix":"test.csv","type":"FILE","blockSize":268435456,"accessTime":1469226766337,"modificationTime":1469226766897,"replication":1,"permission":"555","owner":"49b2f9ec-818a-49ca-9424-249e1f19f7d7","group":"49b2f9ec-818a-49ca-9424-249e1f19f7d7"},{"length":0,"pathSuffix":"tmp","type":"DIRECTORY","blockSize":0,"accessTime":1473975098343,"modificationTime":1473975098343,"replication":0,"permission":"770","owner":"49b2f9ec-818a-49ca-9424-249e1f19f7d7","group":"49b2f9ec-818a-49ca-9424-249e1f19f7d7"}]}}'}
    headers:
      Cache-Control: [no-cache]
      Content-Length: ['3179']
      Content-Type: [application/json; charset=utf-8]
      Date: ['Thu, 15 Sep 2016 21:31:45 GMT']
      Expires: ['-1']
      Pragma: [no-cache]
      Server-Perf: ['[4dec7942-1372-405f-af8c-ced5d58497e5][ AuthTime::0::PostAuthTime::0
          ][S-HdfsListStatus :: 00:00:035 ms]%0a[LISTSTATUS :: 00:00:036 ms]%0a']
      Status: ['0x0']
      Strict-Transport-Security: [max-age=15724800; includeSubDomains]
      X-Content-Type-Options: [nosniff]
      x-ms-request-id: [4dec7942-1372-405f-af8c-ced5d58497e5]
      x-ms-webhdfs-version: [16.07.18.01]
    status: {code: 200, message: OK}
version: 1
